{
  "version": 4,
  "terraform_version": "1.3.7",
  "serial": 432,
  "lineage": "f4783abb-1287-4d93-d3d5-56b916647774",
  "outputs": {
    "cdn_domain": {
      "value": "dfnqcscnu5xe9.cloudfront.net",
      "type": "string"
    },
    "s3_website_endpoint": {
      "value": "beats-nextjs.s3.amazonaws.com",
      "type": "string"
    }
  },
  "resources": [
    {
      "mode": "data",
      "type": "archive_file",
      "name": "api_lambda",
      "provider": "provider[\"registry.terraform.io/hashicorp/archive\"]",
      "instances": [
        {
          "schema_version": 0,
          "attributes": {
            "excludes": null,
            "id": "1871be149c779fdf561f0406f3c280653f79f357",
            "output_base64sha256": "qe3RwTnfanPOmJyrKXt79KgcRTdp/ML2n7PuCBTAAiU=",
            "output_file_mode": null,
            "output_md5": "4d2c699076fe91e8fba275902432a8ca",
            "output_path": "api-lambda.zip",
            "output_sha": "1871be149c779fdf561f0406f3c280653f79f357",
            "output_size": 1291079,
            "source": [],
            "source_content": null,
            "source_content_filename": null,
            "source_dir": "deploy/.serverless_nextjs/api-lambda",
            "source_file": null,
            "type": "zip"
          },
          "sensitive_attributes": []
        }
      ]
    },
    {
      "mode": "data",
      "type": "archive_file",
      "name": "default_lambda",
      "provider": "provider[\"registry.terraform.io/hashicorp/archive\"]",
      "instances": [
        {
          "schema_version": 0,
          "attributes": {
            "excludes": null,
            "id": "5a948afa7b2aef0345a1c590b73c5b98201f2831",
            "output_base64sha256": "MJnIHS8BUNawFJLAPzKJJIqfmGUDZ0vLWRzZb7gHFT8=",
            "output_file_mode": null,
            "output_md5": "78de7802ea1071f4d37acc2c451686c6",
            "output_path": "default-lambda.zip",
            "output_sha": "5a948afa7b2aef0345a1c590b73c5b98201f2831",
            "output_size": 1483181,
            "source": [],
            "source_content": null,
            "source_content_filename": null,
            "source_dir": "deploy/.serverless_nextjs/default-lambda",
            "source_file": null,
            "type": "zip"
          },
          "sensitive_attributes": []
        }
      ]
    },
    {
      "mode": "data",
      "type": "archive_file",
      "name": "image_lambda",
      "provider": "provider[\"registry.terraform.io/hashicorp/archive\"]",
      "instances": [
        {
          "schema_version": 0,
          "attributes": {
            "excludes": null,
            "id": "3bf12667c64e2d830ffd24e5e992c13a2c59efcd",
            "output_base64sha256": "IokjR2NGL4Fck/H4BVrVvIrMuLdIoP/abzKiwPNLyOA=",
            "output_file_mode": null,
            "output_md5": "f1a618f024a36c637a76d08ba76e7112",
            "output_path": "image-lambda.zip",
            "output_sha": "3bf12667c64e2d830ffd24e5e992c13a2c59efcd",
            "output_size": 10013301,
            "source": [],
            "source_content": null,
            "source_content_filename": null,
            "source_dir": "deploy/.serverless_nextjs/image-lambda",
            "source_file": null,
            "type": "zip"
          },
          "sensitive_attributes": []
        }
      ]
    },
    {
      "mode": "data",
      "type": "archive_file",
      "name": "regeneration_lambda",
      "provider": "provider[\"registry.terraform.io/hashicorp/archive\"]",
      "instances": [
        {
          "schema_version": 0,
          "attributes": {
            "excludes": null,
            "id": "41f66f6e6c26abd309762121200aae353dc7e441",
            "output_base64sha256": "uRmhGXz4e9c9qxbIUcGbfLD2ltJBavYHfHLKpe9AGaU=",
            "output_file_mode": null,
            "output_md5": "b7d7ab79f2e01eca5f8209336335bd57",
            "output_path": "regeneration-lambda.zip",
            "output_sha": "41f66f6e6c26abd309762121200aae353dc7e441",
            "output_size": 1408449,
            "source": [],
            "source_content": null,
            "source_content_filename": null,
            "source_dir": "deploy/.serverless_nextjs/regeneration-lambda",
            "source_file": null,
            "type": "zip"
          },
          "sensitive_attributes": []
        }
      ]
    },
    {
      "mode": "data",
      "type": "aws_iam_policy_document",
      "name": "lambda_policy",
      "provider": "provider[\"registry.terraform.io/hashicorp/aws\"]",
      "instances": [
        {
          "schema_version": 0,
          "attributes": {
            "id": "3454655979",
            "json": "{\n  \"Version\": \"2012-10-17\",\n  \"Statement\": [\n    {\n      \"Sid\": \"\",\n      \"Effect\": \"Allow\",\n      \"Action\": \"sts:AssumeRole\",\n      \"Principal\": {\n        \"Service\": [\n          \"lambda.amazonaws.com\",\n          \"edgelambda.amazonaws.com\"\n        ]\n      }\n    }\n  ]\n}",
            "override_json": null,
            "override_policy_documents": null,
            "policy_id": null,
            "source_json": null,
            "source_policy_documents": null,
            "statement": [
              {
                "actions": [
                  "sts:AssumeRole"
                ],
                "condition": [],
                "effect": "Allow",
                "not_actions": [],
                "not_principals": [],
                "not_resources": [],
                "principals": [
                  {
                    "identifiers": [
                      "edgelambda.amazonaws.com",
                      "lambda.amazonaws.com"
                    ],
                    "type": "Service"
                  }
                ],
                "resources": [],
                "sid": ""
              }
            ],
            "version": "2012-10-17"
          },
          "sensitive_attributes": []
        }
      ]
    },
    {
      "mode": "data",
      "type": "aws_iam_policy_document",
      "name": "lambda_s3_sqs",
      "provider": "provider[\"registry.terraform.io/hashicorp/aws\"]",
      "instances": [
        {
          "schema_version": 0,
          "attributes": {
            "id": "1610970350",
            "json": "{\n  \"Version\": \"2012-10-17\",\n  \"Statement\": [\n    {\n      \"Sid\": \"\",\n      \"Effect\": \"Allow\",\n      \"Action\": [\n        \"s3:PutObject\",\n        \"s3:GetObject\"\n      ],\n      \"Resource\": \"arn:aws:s3:::beats-nextjs/*\"\n    },\n    {\n      \"Sid\": \"\",\n      \"Effect\": \"Allow\",\n      \"Action\": [\n        \"sqs:SendMessage\",\n        \"sqs:ReceiveMessage\",\n        \"sqs:GetQueueAttributes\",\n        \"sqs:DeleteMessage\"\n      ],\n      \"Resource\": \"arn:aws:sqs:us-east-1:494055087689:beats-nextjs.fifo\"\n    }\n  ]\n}",
            "override_json": null,
            "override_policy_documents": null,
            "policy_id": null,
            "source_json": null,
            "source_policy_documents": null,
            "statement": [
              {
                "actions": [
                  "s3:GetObject",
                  "s3:PutObject"
                ],
                "condition": [],
                "effect": "Allow",
                "not_actions": [],
                "not_principals": [],
                "not_resources": [],
                "principals": [],
                "resources": [
                  "arn:aws:s3:::beats-nextjs/*"
                ],
                "sid": ""
              },
              {
                "actions": [
                  "sqs:DeleteMessage",
                  "sqs:GetQueueAttributes",
                  "sqs:ReceiveMessage",
                  "sqs:SendMessage"
                ],
                "condition": [],
                "effect": "Allow",
                "not_actions": [],
                "not_principals": [],
                "not_resources": [],
                "principals": [],
                "resources": [
                  "arn:aws:sqs:us-east-1:494055087689:beats-nextjs.fifo"
                ],
                "sid": ""
              }
            ],
            "version": "2012-10-17"
          },
          "sensitive_attributes": []
        }
      ]
    },
    {
      "mode": "data",
      "type": "aws_iam_policy_document",
      "name": "my-cdn-cf-policy",
      "provider": "provider[\"registry.terraform.io/hashicorp/aws\"]",
      "instances": [
        {
          "schema_version": 0,
          "attributes": {
            "id": "210837432",
            "json": "{\n  \"Version\": \"2012-10-17\",\n  \"Statement\": [\n    {\n      \"Sid\": \"1\",\n      \"Effect\": \"Allow\",\n      \"Action\": \"s3:GetObject\",\n      \"Resource\": \"arn:aws:s3:::beats-nextjs/*\",\n      \"Principal\": {\n        \"AWS\": \"arn:aws:iam::cloudfront:user/CloudFront Origin Access Identity E1DOYOH22KX23H\"\n      }\n    }\n  ]\n}",
            "override_json": null,
            "override_policy_documents": null,
            "policy_id": null,
            "source_json": null,
            "source_policy_documents": null,
            "statement": [
              {
                "actions": [
                  "s3:GetObject"
                ],
                "condition": [],
                "effect": "Allow",
                "not_actions": [],
                "not_principals": [],
                "not_resources": [],
                "principals": [
                  {
                    "identifiers": [
                      "arn:aws:iam::cloudfront:user/CloudFront Origin Access Identity E1DOYOH22KX23H"
                    ],
                    "type": "AWS"
                  }
                ],
                "resources": [
                  "arn:aws:s3:::beats-nextjs/*"
                ],
                "sid": "1"
              }
            ],
            "version": "2012-10-17"
          },
          "sensitive_attributes": []
        }
      ]
    },
    {
      "mode": "data",
      "type": "aws_iam_policy_document",
      "name": "policy",
      "provider": "provider[\"registry.terraform.io/hashicorp/aws\"]",
      "instances": [
        {
          "schema_version": 0,
          "attributes": {
            "id": "3693445097",
            "json": "{\n  \"Version\": \"2012-10-17\",\n  \"Statement\": [\n    {\n      \"Sid\": \"\",\n      \"Effect\": \"Allow\",\n      \"Action\": \"sts:AssumeRole\",\n      \"Principal\": {\n        \"Service\": \"lambda.amazonaws.com\"\n      }\n    }\n  ]\n}",
            "override_json": null,
            "override_policy_documents": null,
            "policy_id": null,
            "source_json": null,
            "source_policy_documents": null,
            "statement": [
              {
                "actions": [
                  "sts:AssumeRole"
                ],
                "condition": [],
                "effect": "Allow",
                "not_actions": [],
                "not_principals": [],
                "not_resources": [],
                "principals": [
                  {
                    "identifiers": [
                      "lambda.amazonaws.com"
                    ],
                    "type": "Service"
                  }
                ],
                "resources": [],
                "sid": ""
              }
            ],
            "version": "2012-10-17"
          },
          "sensitive_attributes": []
        }
      ]
    },
    {
      "mode": "data",
      "type": "aws_route53_zone",
      "name": "custom_domain_zone",
      "provider": "provider[\"registry.terraform.io/hashicorp/aws\"]",
      "instances": [
        {
          "schema_version": 0,
          "attributes": {
            "arn": "arn:aws:route53:::hostedzone/Z06628972TBI5UV1L9HS7",
            "caller_reference": "RISWorkflow-RD:d81e0148-b29e-41bd-8fed-4e226b6b8dcc",
            "comment": "HostedZone created by Route53 Registrar",
            "id": "Z06628972TBI5UV1L9HS7",
            "linked_service_description": null,
            "linked_service_principal": null,
            "name": "beatsnext.com",
            "name_servers": [
              "ns-596.awsdns-10.net",
              "ns-2003.awsdns-58.co.uk",
              "ns-1224.awsdns-25.org",
              "ns-228.awsdns-28.com"
            ],
            "primary_name_server": "ns-596.awsdns-10.net",
            "private_zone": false,
            "resource_record_set_count": 6,
            "tags": {},
            "vpc_id": null,
            "zone_id": "Z06628972TBI5UV1L9HS7"
          },
          "sensitive_attributes": []
        }
      ]
    },
    {
      "mode": "managed",
      "type": "aws_cloudfront_distribution",
      "name": "cdn",
      "provider": "provider[\"registry.terraform.io/hashicorp/aws\"]",
      "instances": [
        {
          "schema_version": 1,
          "attributes": {
            "aliases": [
              "beatsnext.com"
            ],
            "arn": "arn:aws:cloudfront::494055087689:distribution/E22OGNN9TR826S",
            "caller_reference": "terraform-20230123152337119700000001",
            "comment": null,
            "custom_error_response": [],
            "default_cache_behavior": [
              {
                "allowed_methods": [
                  "DELETE",
                  "GET",
                  "HEAD",
                  "OPTIONS",
                  "PATCH",
                  "POST",
                  "PUT"
                ],
                "cache_policy_id": "",
                "cached_methods": [
                  "GET",
                  "HEAD"
                ],
                "compress": true,
                "default_ttl": 3600,
                "field_level_encryption_id": "",
                "forwarded_values": [
                  {
                    "cookies": [
                      {
                        "forward": "none",
                        "whitelisted_names": []
                      }
                    ],
                    "headers": [
                      "Authorization",
                      "Host"
                    ],
                    "query_string": true,
                    "query_string_cache_keys": []
                  }
                ],
                "function_association": [],
                "lambda_function_association": [
                  {
                    "event_type": "origin-request",
                    "include_body": true,
                    "lambda_arn": "arn:aws:lambda:us-east-1:494055087689:function:default_path:8"
                  },
                  {
                    "event_type": "origin-response",
                    "include_body": false,
                    "lambda_arn": "arn:aws:lambda:us-east-1:494055087689:function:default_path:8"
                  }
                ],
                "max_ttl": 86400,
                "min_ttl": 0,
                "origin_request_policy_id": "",
                "realtime_log_config_arn": "",
                "response_headers_policy_id": "",
                "smooth_streaming": false,
                "target_origin_id": "beatsnext.com",
                "trusted_key_groups": [],
                "trusted_signers": [],
                "viewer_protocol_policy": "redirect-to-https"
              }
            ],
            "default_root_object": "",
            "domain_name": "dfnqcscnu5xe9.cloudfront.net",
            "enabled": true,
            "etag": "E35RAB8A18C09F",
            "hosted_zone_id": "Z2FDTNDATAQYW2",
            "http_version": "http2",
            "id": "E22OGNN9TR826S",
            "in_progress_validation_batches": 0,
            "is_ipv6_enabled": false,
            "last_modified_time": "2023-01-30 15:33:06.618 +0000 UTC",
            "logging_config": [],
            "ordered_cache_behavior": [
              {
                "allowed_methods": [
                  "GET",
                  "HEAD"
                ],
                "cache_policy_id": "",
                "cached_methods": [
                  "GET",
                  "HEAD"
                ],
                "compress": true,
                "default_ttl": 0,
                "field_level_encryption_id": "",
                "forwarded_values": [
                  {
                    "cookies": [
                      {
                        "forward": "none",
                        "whitelisted_names": []
                      }
                    ],
                    "headers": [],
                    "query_string": false,
                    "query_string_cache_keys": []
                  }
                ],
                "function_association": [],
                "lambda_function_association": [],
                "max_ttl": 0,
                "min_ttl": 0,
                "origin_request_policy_id": "",
                "path_pattern": "_next/static/*",
                "realtime_log_config_arn": "",
                "response_headers_policy_id": "",
                "smooth_streaming": false,
                "target_origin_id": "beatsnext.com",
                "trusted_key_groups": [],
                "trusted_signers": [],
                "viewer_protocol_policy": "https-only"
              },
              {
                "allowed_methods": [
                  "GET",
                  "HEAD"
                ],
                "cache_policy_id": "",
                "cached_methods": [
                  "GET",
                  "HEAD"
                ],
                "compress": true,
                "default_ttl": 0,
                "field_level_encryption_id": "",
                "forwarded_values": [
                  {
                    "cookies": [
                      {
                        "forward": "none",
                        "whitelisted_names": []
                      }
                    ],
                    "headers": [],
                    "query_string": false,
                    "query_string_cache_keys": []
                  }
                ],
                "function_association": [],
                "lambda_function_association": [],
                "max_ttl": 0,
                "min_ttl": 0,
                "origin_request_policy_id": "",
                "path_pattern": "static/*",
                "realtime_log_config_arn": "",
                "response_headers_policy_id": "",
                "smooth_streaming": false,
                "target_origin_id": "beatsnext.com",
                "trusted_key_groups": [],
                "trusted_signers": [],
                "viewer_protocol_policy": "https-only"
              },
              {
                "allowed_methods": [
                  "GET",
                  "HEAD"
                ],
                "cache_policy_id": "",
                "cached_methods": [
                  "GET",
                  "HEAD"
                ],
                "compress": true,
                "default_ttl": 0,
                "field_level_encryption_id": "",
                "forwarded_values": [
                  {
                    "cookies": [
                      {
                        "forward": "all",
                        "whitelisted_names": []
                      }
                    ],
                    "headers": [],
                    "query_string": true,
                    "query_string_cache_keys": []
                  }
                ],
                "function_association": [],
                "lambda_function_association": [
                  {
                    "event_type": "origin-request",
                    "include_body": true,
                    "lambda_arn": "arn:aws:lambda:us-east-1:494055087689:function:default_path:8"
                  },
                  {
                    "event_type": "origin-response",
                    "include_body": false,
                    "lambda_arn": "arn:aws:lambda:us-east-1:494055087689:function:default_path:8"
                  }
                ],
                "max_ttl": 0,
                "min_ttl": 0,
                "origin_request_policy_id": "",
                "path_pattern": "_next/data/*",
                "realtime_log_config_arn": "",
                "response_headers_policy_id": "",
                "smooth_streaming": false,
                "target_origin_id": "beatsnext.com",
                "trusted_key_groups": [],
                "trusted_signers": [],
                "viewer_protocol_policy": "https-only"
              },
              {
                "allowed_methods": [
                  "DELETE",
                  "GET",
                  "HEAD",
                  "OPTIONS",
                  "PATCH",
                  "POST",
                  "PUT"
                ],
                "cache_policy_id": "",
                "cached_methods": [
                  "GET",
                  "HEAD"
                ],
                "compress": true,
                "default_ttl": 3600,
                "field_level_encryption_id": "",
                "forwarded_values": [
                  {
                    "cookies": [
                      {
                        "forward": "all",
                        "whitelisted_names": []
                      }
                    ],
                    "headers": [
                      "Accept"
                    ],
                    "query_string": true,
                    "query_string_cache_keys": []
                  }
                ],
                "function_association": [],
                "lambda_function_association": [
                  {
                    "event_type": "origin-request",
                    "include_body": true,
                    "lambda_arn": "arn:aws:lambda:us-east-1:494055087689:function:image_path:5"
                  }
                ],
                "max_ttl": 86400,
                "min_ttl": 0,
                "origin_request_policy_id": "",
                "path_pattern": "_next/image*",
                "realtime_log_config_arn": "",
                "response_headers_policy_id": "",
                "smooth_streaming": false,
                "target_origin_id": "beatsnext.com",
                "trusted_key_groups": [],
                "trusted_signers": [],
                "viewer_protocol_policy": "https-only"
              },
              {
                "allowed_methods": [
                  "DELETE",
                  "GET",
                  "HEAD",
                  "OPTIONS",
                  "PATCH",
                  "POST",
                  "PUT"
                ],
                "cache_policy_id": "",
                "cached_methods": [
                  "GET",
                  "HEAD"
                ],
                "compress": true,
                "default_ttl": 3600,
                "field_level_encryption_id": "",
                "forwarded_values": [
                  {
                    "cookies": [
                      {
                        "forward": "all",
                        "whitelisted_names": null
                      }
                    ],
                    "headers": [
                      "Authorization",
                      "Host"
                    ],
                    "query_string": true,
                    "query_string_cache_keys": []
                  }
                ],
                "function_association": [],
                "lambda_function_association": [
                  {
                    "event_type": "origin-request",
                    "include_body": true,
                    "lambda_arn": "arn:aws:lambda:us-east-1:494055087689:function:api_path:1"
                  }
                ],
                "max_ttl": 86400,
                "min_ttl": 0,
                "origin_request_policy_id": "",
                "path_pattern": "api/*",
                "realtime_log_config_arn": "",
                "response_headers_policy_id": "",
                "smooth_streaming": false,
                "target_origin_id": "beatsnext.com",
                "trusted_key_groups": null,
                "trusted_signers": null,
                "viewer_protocol_policy": "https-only"
              }
            ],
            "origin": [
              {
                "connection_attempts": 3,
                "connection_timeout": 10,
                "custom_header": [],
                "custom_origin_config": [],
                "domain_name": "beats-nextjs.s3.amazonaws.com",
                "origin_access_control_id": "",
                "origin_id": "beatsnext.com",
                "origin_path": "",
                "origin_shield": [],
                "s3_origin_config": [
                  {
                    "origin_access_identity": "origin-access-identity/cloudfront/E1DOYOH22KX23H"
                  }
                ]
              }
            ],
            "origin_group": [],
            "price_class": "PriceClass_100",
            "restrictions": [
              {
                "geo_restriction": [
                  {
                    "locations": [],
                    "restriction_type": "none"
                  }
                ]
              }
            ],
            "retain_on_delete": false,
            "status": "Deployed",
            "tags": {},
            "tags_all": {},
            "trusted_key_groups": [
              {
                "enabled": false,
                "items": []
              }
            ],
            "trusted_signers": [
              {
                "enabled": false,
                "items": []
              }
            ],
            "viewer_certificate": [
              {
                "acm_certificate_arn": "arn:aws:acm:us-east-1:494055087689:certificate/6be47825-7970-4739-b460-d47ac0214e72",
                "cloudfront_default_certificate": false,
                "iam_certificate_id": "",
                "minimum_protocol_version": "TLSv1",
                "ssl_support_method": "sni-only"
              }
            ],
            "wait_for_deployment": true,
            "web_acl_id": ""
          },
          "sensitive_attributes": [],
          "private": "eyJzY2hlbWFfdmVyc2lvbiI6IjEifQ==",
          "dependencies": [
            "aws_cloudfront_origin_access_identity.my-oai",
            "aws_iam_role.default_lambda_exec",
            "aws_lambda_function.api_path",
            "aws_lambda_function.default_path",
            "aws_lambda_function.image_path",
            "aws_s3_bucket.beats-nextjs-bucket",
            "aws_s3_bucket.lambda_bucket",
            "aws_s3_object.lambda_api",
            "aws_s3_object.lambda_default",
            "aws_s3_object.lambda_image",
            "data.archive_file.api_lambda",
            "data.archive_file.default_lambda",
            "data.archive_file.image_lambda",
            "module.cloudfront_cert.aws_acm_certificate.this",
            "module.cloudfront_cert.aws_acm_certificate_validation.this"
          ]
        }
      ]
    },
    {
      "mode": "managed",
      "type": "aws_cloudfront_origin_access_identity",
      "name": "my-oai",
      "provider": "provider[\"registry.terraform.io/hashicorp/aws\"]",
      "instances": [
        {
          "schema_version": 0,
          "attributes": {
            "caller_reference": "terraform-20230124174952657900000001",
            "cloudfront_access_identity_path": "origin-access-identity/cloudfront/E1DOYOH22KX23H",
            "comment": "my-oai",
            "etag": "E3JOYYYZNGD35B",
            "iam_arn": "arn:aws:iam::cloudfront:user/CloudFront Origin Access Identity E1DOYOH22KX23H",
            "id": "E1DOYOH22KX23H",
            "s3_canonical_user_id": "5f1c1c06aad3e70a88dad74aa32abe0dad4fec2682ad614060ab238d1e2646efcf547e9e28d6e3bac11b39eb9fc78213"
          },
          "sensitive_attributes": [],
          "private": "bnVsbA=="
        }
      ]
    },
    {
      "mode": "managed",
      "type": "aws_cloudwatch_log_group",
      "name": "api_lambda",
      "provider": "provider[\"registry.terraform.io/hashicorp/aws\"]",
      "instances": [
        {
          "schema_version": 0,
          "attributes": {
            "arn": "arn:aws:logs:us-east-1:494055087689:log-group:/aws/lambda/api_path",
            "id": "/aws/lambda/api_path",
            "kms_key_id": "",
            "name": "/aws/lambda/api_path",
            "name_prefix": "",
            "retention_in_days": 14,
            "skip_destroy": false,
            "tags": null,
            "tags_all": {}
          },
          "sensitive_attributes": [],
          "private": "bnVsbA==",
          "dependencies": [
            "aws_iam_role.default_lambda_exec",
            "aws_lambda_function.api_path",
            "aws_s3_bucket.lambda_bucket",
            "aws_s3_object.lambda_api",
            "data.archive_file.api_lambda"
          ]
        }
      ]
    },
    {
      "mode": "managed",
      "type": "aws_cloudwatch_log_group",
      "name": "default_lambda",
      "provider": "provider[\"registry.terraform.io/hashicorp/aws\"]",
      "instances": [
        {
          "schema_version": 0,
          "attributes": {
            "arn": "arn:aws:logs:us-east-1:494055087689:log-group:/aws/lambda/default_path",
            "id": "/aws/lambda/default_path",
            "kms_key_id": "",
            "name": "/aws/lambda/default_path",
            "name_prefix": "",
            "retention_in_days": 14,
            "skip_destroy": false,
            "tags": {},
            "tags_all": {}
          },
          "sensitive_attributes": [],
          "private": "bnVsbA==",
          "dependencies": [
            "aws_iam_role.default_lambda_exec",
            "aws_lambda_function.default_path",
            "aws_s3_bucket.lambda_bucket",
            "aws_s3_object.lambda_default",
            "data.archive_file.default_lambda",
            "data.aws_iam_policy_document.lambda_policy"
          ]
        }
      ]
    },
    {
      "mode": "managed",
      "type": "aws_cloudwatch_log_group",
      "name": "image_lambda",
      "provider": "provider[\"registry.terraform.io/hashicorp/aws\"]",
      "instances": [
        {
          "schema_version": 0,
          "attributes": {
            "arn": "arn:aws:logs:us-east-1:494055087689:log-group:/aws/lambda/image_path",
            "id": "/aws/lambda/image_path",
            "kms_key_id": "",
            "name": "/aws/lambda/image_path",
            "name_prefix": "",
            "retention_in_days": 14,
            "skip_destroy": false,
            "tags": {},
            "tags_all": {}
          },
          "sensitive_attributes": [],
          "private": "bnVsbA==",
          "dependencies": [
            "aws_iam_role.default_lambda_exec",
            "aws_lambda_function.image_path",
            "aws_s3_bucket.lambda_bucket",
            "aws_s3_object.lambda_image",
            "data.archive_file.image_lambda",
            "data.aws_iam_policy_document.lambda_policy"
          ]
        }
      ]
    },
    {
      "mode": "managed",
      "type": "aws_cloudwatch_log_group",
      "name": "regeneration_lambda",
      "provider": "provider[\"registry.terraform.io/hashicorp/aws\"]",
      "instances": [
        {
          "schema_version": 0,
          "attributes": {
            "arn": "arn:aws:logs:us-east-1:494055087689:log-group:/aws/lambda/regeneration_path",
            "id": "/aws/lambda/regeneration_path",
            "kms_key_id": "",
            "name": "/aws/lambda/regeneration_path",
            "name_prefix": "",
            "retention_in_days": 14,
            "skip_destroy": false,
            "tags": {},
            "tags_all": {}
          },
          "sensitive_attributes": [],
          "private": "bnVsbA==",
          "dependencies": [
            "aws_iam_role.default_lambda_exec",
            "aws_lambda_function.regeneration_path",
            "aws_s3_bucket.lambda_bucket",
            "aws_s3_object.lambda_regeneration",
            "data.archive_file.regeneration_lambda",
            "data.aws_iam_policy_document.lambda_policy"
          ]
        }
      ]
    },
    {
      "mode": "managed",
      "type": "aws_iam_policy",
      "name": "lambda_s3_sqs",
      "provider": "provider[\"registry.terraform.io/hashicorp/aws\"]",
      "instances": [
        {
          "schema_version": 0,
          "attributes": {
            "arn": "arn:aws:iam::494055087689:policy/lambda-s3-sqs-permissions",
            "description": "Contains S3 and SQS permissions for lambda",
            "id": "arn:aws:iam::494055087689:policy/lambda-s3-sqs-permissions",
            "name": "lambda-s3-sqs-permissions",
            "name_prefix": null,
            "path": "/",
            "policy": "{\"Statement\":[{\"Action\":[\"s3:PutObject\",\"s3:GetObject\"],\"Effect\":\"Allow\",\"Resource\":\"arn:aws:s3:::beats-nextjs/*\",\"Sid\":\"\"},{\"Action\":[\"sqs:SendMessage\",\"sqs:ReceiveMessage\",\"sqs:GetQueueAttributes\",\"sqs:DeleteMessage\"],\"Effect\":\"Allow\",\"Resource\":\"arn:aws:sqs:us-east-1:494055087689:beats-nextjs.fifo\",\"Sid\":\"\"}],\"Version\":\"2012-10-17\"}",
            "policy_id": "ANPAXGB72LZE73LWGC6PJ",
            "tags": {},
            "tags_all": {}
          },
          "sensitive_attributes": [],
          "private": "bnVsbA==",
          "dependencies": [
            "aws_s3_bucket.beats-nextjs-bucket",
            "aws_sqs_queue.sqs_beats_queue",
            "data.aws_iam_policy_document.lambda_s3_sqs"
          ]
        }
      ]
    },
    {
      "mode": "managed",
      "type": "aws_iam_role",
      "name": "default_lambda_exec",
      "provider": "provider[\"registry.terraform.io/hashicorp/aws\"]",
      "instances": [
        {
          "schema_version": 0,
          "attributes": {
            "arn": "arn:aws:iam::494055087689:role/LambdaRscExecRole",
            "assume_role_policy": "{\"Statement\":[{\"Action\":\"sts:AssumeRole\",\"Effect\":\"Allow\",\"Principal\":{\"Service\":[\"lambda.amazonaws.com\",\"edgelambda.amazonaws.com\"]},\"Sid\":\"\"}],\"Version\":\"2012-10-17\"}",
            "create_date": "2023-01-25T21:24:55Z",
            "description": "",
            "force_detach_policies": false,
            "id": "LambdaRscExecRole",
            "inline_policy": [],
            "managed_policy_arns": [
              "arn:aws:iam::494055087689:policy/lambda-s3-sqs-permissions",
              "arn:aws:iam::aws:policy/service-role/AWSLambdaBasicExecutionRole"
            ],
            "max_session_duration": 3600,
            "name": "LambdaRscExecRole",
            "name_prefix": "",
            "path": "/",
            "permissions_boundary": null,
            "tags": {},
            "tags_all": {},
            "unique_id": "AROAXGB72LZE4PFQHX5VO"
          },
          "sensitive_attributes": [],
          "private": "bnVsbA==",
          "dependencies": [
            "data.aws_iam_policy_document.lambda_policy"
          ]
        }
      ]
    },
    {
      "mode": "managed",
      "type": "aws_iam_role",
      "name": "iam_for_lambda",
      "provider": "provider[\"registry.terraform.io/hashicorp/aws\"]",
      "instances": [
        {
          "schema_version": 0,
          "attributes": {
            "arn": "arn:aws:iam::494055087689:role/iam_for_lambda",
            "assume_role_policy": "{\"Statement\":[{\"Action\":\"sts:AssumeRole\",\"Effect\":\"Allow\",\"Principal\":{\"Service\":\"lambda.amazonaws.com\"},\"Sid\":\"\"}],\"Version\":\"2012-10-17\"}",
            "create_date": "2023-01-23T16:03:42Z",
            "description": "",
            "force_detach_policies": false,
            "id": "iam_for_lambda",
            "inline_policy": [],
            "managed_policy_arns": [],
            "max_session_duration": 3600,
            "name": "iam_for_lambda",
            "name_prefix": "",
            "path": "/",
            "permissions_boundary": null,
            "tags": {},
            "tags_all": {},
            "unique_id": "AROAXGB72LZEYAGOGL35C"
          },
          "sensitive_attributes": [],
          "private": "bnVsbA==",
          "dependencies": [
            "data.aws_iam_policy_document.policy"
          ]
        }
      ]
    },
    {
      "mode": "managed",
      "type": "aws_iam_role_policy_attachment",
      "name": "attach-s3-sqs",
      "provider": "provider[\"registry.terraform.io/hashicorp/aws\"]",
      "instances": [
        {
          "schema_version": 0,
          "attributes": {
            "id": "LambdaRscExecRole-20230126155520189500000001",
            "policy_arn": "arn:aws:iam::494055087689:policy/lambda-s3-sqs-permissions",
            "role": "LambdaRscExecRole"
          },
          "sensitive_attributes": [],
          "private": "bnVsbA==",
          "dependencies": [
            "aws_iam_policy.lambda_s3_sqs",
            "aws_iam_role.default_lambda_exec",
            "aws_s3_bucket.beats-nextjs-bucket",
            "aws_sqs_queue.sqs_beats_queue",
            "data.aws_iam_policy_document.lambda_policy",
            "data.aws_iam_policy_document.lambda_s3_sqs"
          ]
        }
      ]
    },
    {
      "mode": "managed",
      "type": "aws_iam_role_policy_attachment",
      "name": "default_lambda_policy",
      "provider": "provider[\"registry.terraform.io/hashicorp/aws\"]",
      "instances": [
        {
          "schema_version": 0,
          "attributes": {
            "id": "LambdaRscExecRole-20230125212456412500000001",
            "policy_arn": "arn:aws:iam::aws:policy/service-role/AWSLambdaBasicExecutionRole",
            "role": "LambdaRscExecRole"
          },
          "sensitive_attributes": [],
          "private": "bnVsbA==",
          "dependencies": [
            "aws_iam_role.default_lambda_exec",
            "data.aws_iam_policy_document.lambda_policy"
          ]
        }
      ]
    },
    {
      "mode": "managed",
      "type": "aws_lambda_event_source_mapping",
      "name": "event_source_mapping",
      "provider": "provider[\"registry.terraform.io/hashicorp/aws\"]",
      "instances": [
        {
          "schema_version": 0,
          "attributes": {
            "amazon_managed_kafka_event_source_config": [],
            "batch_size": 1,
            "bisect_batch_on_function_error": false,
            "destination_config": [],
            "enabled": true,
            "event_source_arn": "arn:aws:sqs:us-east-1:494055087689:beats-nextjs.fifo",
            "filter_criteria": [],
            "function_arn": "arn:aws:lambda:us-east-1:494055087689:function:regeneration_path",
            "function_name": "arn:aws:lambda:us-east-1:494055087689:function:regeneration_path",
            "function_response_types": [],
            "id": "b4ee76a4-f1df-4ace-ad30-45c7eb54ec1b",
            "last_modified": "2023-01-26T00:01:29Z",
            "last_processing_result": "",
            "maximum_batching_window_in_seconds": 0,
            "maximum_record_age_in_seconds": 0,
            "maximum_retry_attempts": 0,
            "parallelization_factor": 0,
            "queues": [],
            "scaling_config": [],
            "self_managed_event_source": [],
            "self_managed_kafka_event_source_config": [],
            "source_access_configuration": [],
            "starting_position": "",
            "starting_position_timestamp": "",
            "state": "Enabled",
            "state_transition_reason": "USER_INITIATED",
            "topics": [],
            "tumbling_window_in_seconds": 0,
            "uuid": "b4ee76a4-f1df-4ace-ad30-45c7eb54ec1b"
          },
          "sensitive_attributes": [],
          "private": "bnVsbA==",
          "dependencies": [
            "aws_iam_role.default_lambda_exec",
            "aws_lambda_function.regeneration_path",
            "aws_s3_bucket.lambda_bucket",
            "aws_s3_object.lambda_regeneration",
            "aws_sqs_queue.sqs_beats_queue",
            "data.archive_file.regeneration_lambda",
            "data.aws_iam_policy_document.lambda_policy"
          ]
        }
      ]
    },
    {
      "mode": "managed",
      "type": "aws_lambda_function",
      "name": "api_path",
      "provider": "provider[\"registry.terraform.io/hashicorp/aws\"].us_east_1",
      "instances": [
        {
          "schema_version": 0,
          "attributes": {
            "architectures": [
              "x86_64"
            ],
            "arn": "arn:aws:lambda:us-east-1:494055087689:function:api_path",
            "code_signing_config_arn": "",
            "dead_letter_config": [],
            "description": "Managed by WBD",
            "environment": [],
            "ephemeral_storage": [
              {
                "size": 512
              }
            ],
            "file_system_config": [],
            "filename": null,
            "function_name": "api_path",
            "handler": "index.handler",
            "id": "api_path",
            "image_config": [],
            "image_uri": "",
            "invoke_arn": "arn:aws:apigateway:us-east-1:lambda:path/2015-03-31/functions/arn:aws:lambda:us-east-1:494055087689:function:api_path/invocations",
            "kms_key_arn": "",
            "last_modified": "2023-01-30T15:32:58.084+0000",
            "layers": null,
            "memory_size": 512,
            "package_type": "Zip",
            "publish": true,
            "qualified_arn": "arn:aws:lambda:us-east-1:494055087689:function:api_path:1",
            "qualified_invoke_arn": "arn:aws:apigateway:us-east-1:lambda:path/2015-03-31/functions/arn:aws:lambda:us-east-1:494055087689:function:api_path:1/invocations",
            "reserved_concurrent_executions": -1,
            "role": "arn:aws:iam::494055087689:role/LambdaRscExecRole",
            "runtime": "nodejs14.x",
            "s3_bucket": "lambda-bucket-beatsnext",
            "s3_key": "api_path.zip",
            "s3_object_version": null,
            "signing_job_arn": "",
            "signing_profile_version_arn": "",
            "snap_start": [],
            "source_code_hash": "qe3RwTnfanPOmJyrKXt79KgcRTdp/ML2n7PuCBTAAiU=",
            "source_code_size": 1291079,
            "tags": null,
            "tags_all": {},
            "timeout": 10,
            "timeouts": null,
            "tracing_config": [
              {
                "mode": "PassThrough"
              }
            ],
            "version": "1",
            "vpc_config": []
          },
          "sensitive_attributes": [],
          "private": "eyJlMmJmYjczMC1lY2FhLTExZTYtOGY4OC0zNDM2M2JjN2M0YzAiOnsiY3JlYXRlIjo2MDAwMDAwMDAwMDAsInVwZGF0ZSI6NjAwMDAwMDAwMDAwfX0=",
          "dependencies": [
            "aws_iam_role.default_lambda_exec",
            "aws_s3_bucket.lambda_bucket",
            "aws_s3_object.lambda_api",
            "data.archive_file.api_lambda"
          ]
        }
      ]
    },
    {
      "mode": "managed",
      "type": "aws_lambda_function",
      "name": "default_path",
      "provider": "provider[\"registry.terraform.io/hashicorp/aws\"].us_east_1",
      "instances": [
        {
          "schema_version": 0,
          "attributes": {
            "architectures": [
              "x86_64"
            ],
            "arn": "arn:aws:lambda:us-east-1:494055087689:function:default_path",
            "code_signing_config_arn": "",
            "dead_letter_config": [],
            "description": "Managed by WBD",
            "environment": [],
            "ephemeral_storage": [
              {
                "size": 512
              }
            ],
            "file_system_config": [],
            "filename": null,
            "function_name": "default_path",
            "handler": "index.handler",
            "id": "default_path",
            "image_config": [],
            "image_uri": "",
            "invoke_arn": "arn:aws:apigateway:us-east-1:lambda:path/2015-03-31/functions/arn:aws:lambda:us-east-1:494055087689:function:default_path/invocations",
            "kms_key_arn": "",
            "last_modified": "2023-01-30T15:32:58.000+0000",
            "layers": [],
            "memory_size": 512,
            "package_type": "Zip",
            "publish": true,
            "qualified_arn": "arn:aws:lambda:us-east-1:494055087689:function:default_path:8",
            "qualified_invoke_arn": "arn:aws:apigateway:us-east-1:lambda:path/2015-03-31/functions/arn:aws:lambda:us-east-1:494055087689:function:default_path:8/invocations",
            "reserved_concurrent_executions": -1,
            "role": "arn:aws:iam::494055087689:role/LambdaRscExecRole",
            "runtime": "nodejs14.x",
            "s3_bucket": "lambda-bucket-beatsnext",
            "s3_key": "default_path.zip",
            "s3_object_version": null,
            "signing_job_arn": "",
            "signing_profile_version_arn": "",
            "snap_start": [],
            "source_code_hash": "MJnIHS8BUNawFJLAPzKJJIqfmGUDZ0vLWRzZb7gHFT8=",
            "source_code_size": 1483181,
            "tags": {},
            "tags_all": {},
            "timeout": 10,
            "timeouts": null,
            "tracing_config": [
              {
                "mode": "PassThrough"
              }
            ],
            "version": "8",
            "vpc_config": []
          },
          "sensitive_attributes": [],
          "private": "eyJlMmJmYjczMC1lY2FhLTExZTYtOGY4OC0zNDM2M2JjN2M0YzAiOnsiY3JlYXRlIjo2MDAwMDAwMDAwMDAsInVwZGF0ZSI6NjAwMDAwMDAwMDAwfX0=",
          "dependencies": [
            "aws_iam_role.default_lambda_exec",
            "aws_s3_bucket.lambda_bucket",
            "aws_s3_object.lambda_default",
            "data.archive_file.default_lambda"
          ]
        }
      ]
    },
    {
      "mode": "managed",
      "type": "aws_lambda_function",
      "name": "image_path",
      "provider": "provider[\"registry.terraform.io/hashicorp/aws\"].us_east_1",
      "instances": [
        {
          "schema_version": 0,
          "attributes": {
            "architectures": [
              "x86_64"
            ],
            "arn": "arn:aws:lambda:us-east-1:494055087689:function:image_path",
            "code_signing_config_arn": "",
            "dead_letter_config": [],
            "description": "Managed by WBD",
            "environment": [],
            "ephemeral_storage": [
              {
                "size": 512
              }
            ],
            "file_system_config": [],
            "filename": null,
            "function_name": "image_path",
            "handler": "index.handler",
            "id": "image_path",
            "image_config": [],
            "image_uri": "",
            "invoke_arn": "arn:aws:apigateway:us-east-1:lambda:path/2015-03-31/functions/arn:aws:lambda:us-east-1:494055087689:function:image_path/invocations",
            "kms_key_arn": "",
            "last_modified": "2023-01-30T15:32:59.000+0000",
            "layers": [],
            "memory_size": 512,
            "package_type": "Zip",
            "publish": true,
            "qualified_arn": "arn:aws:lambda:us-east-1:494055087689:function:image_path:5",
            "qualified_invoke_arn": "arn:aws:apigateway:us-east-1:lambda:path/2015-03-31/functions/arn:aws:lambda:us-east-1:494055087689:function:image_path:5/invocations",
            "reserved_concurrent_executions": -1,
            "role": "arn:aws:iam::494055087689:role/LambdaRscExecRole",
            "runtime": "nodejs14.x",
            "s3_bucket": "lambda-bucket-beatsnext",
            "s3_key": "image_path.zip",
            "s3_object_version": null,
            "signing_job_arn": "",
            "signing_profile_version_arn": "",
            "snap_start": [],
            "source_code_hash": "IokjR2NGL4Fck/H4BVrVvIrMuLdIoP/abzKiwPNLyOA=",
            "source_code_size": 10013301,
            "tags": {},
            "tags_all": {},
            "timeout": 10,
            "timeouts": null,
            "tracing_config": [
              {
                "mode": "PassThrough"
              }
            ],
            "version": "5",
            "vpc_config": []
          },
          "sensitive_attributes": [],
          "private": "eyJlMmJmYjczMC1lY2FhLTExZTYtOGY4OC0zNDM2M2JjN2M0YzAiOnsiY3JlYXRlIjo2MDAwMDAwMDAwMDAsInVwZGF0ZSI6NjAwMDAwMDAwMDAwfX0=",
          "dependencies": [
            "aws_iam_role.default_lambda_exec",
            "aws_s3_bucket.lambda_bucket",
            "aws_s3_object.lambda_image",
            "data.archive_file.image_lambda"
          ]
        }
      ]
    },
    {
      "mode": "managed",
      "type": "aws_lambda_function",
      "name": "regeneration_path",
      "provider": "provider[\"registry.terraform.io/hashicorp/aws\"].us_east_1",
      "instances": [
        {
          "schema_version": 0,
          "attributes": {
            "architectures": [
              "x86_64"
            ],
            "arn": "arn:aws:lambda:us-east-1:494055087689:function:regeneration_path",
            "code_signing_config_arn": "",
            "dead_letter_config": [],
            "description": "Managed by WBD",
            "environment": [],
            "ephemeral_storage": [
              {
                "size": 512
              }
            ],
            "file_system_config": [],
            "filename": null,
            "function_name": "regeneration_path",
            "handler": "index.handler",
            "id": "regeneration_path",
            "image_config": [],
            "image_uri": "",
            "invoke_arn": "arn:aws:apigateway:us-east-1:lambda:path/2015-03-31/functions/arn:aws:lambda:us-east-1:494055087689:function:regeneration_path/invocations",
            "kms_key_arn": "",
            "last_modified": "2023-01-30T15:32:58.000+0000",
            "layers": [],
            "memory_size": 512,
            "package_type": "Zip",
            "publish": true,
            "qualified_arn": "arn:aws:lambda:us-east-1:494055087689:function:regeneration_path:4",
            "qualified_invoke_arn": "arn:aws:apigateway:us-east-1:lambda:path/2015-03-31/functions/arn:aws:lambda:us-east-1:494055087689:function:regeneration_path:4/invocations",
            "reserved_concurrent_executions": -1,
            "role": "arn:aws:iam::494055087689:role/LambdaRscExecRole",
            "runtime": "nodejs14.x",
            "s3_bucket": "lambda-bucket-beatsnext",
            "s3_key": "regeneration_path.zip",
            "s3_object_version": null,
            "signing_job_arn": "",
            "signing_profile_version_arn": "",
            "snap_start": [],
            "source_code_hash": "uRmhGXz4e9c9qxbIUcGbfLD2ltJBavYHfHLKpe9AGaU=",
            "source_code_size": 1408449,
            "tags": {},
            "tags_all": {},
            "timeout": 10,
            "timeouts": null,
            "tracing_config": [
              {
                "mode": "PassThrough"
              }
            ],
            "version": "4",
            "vpc_config": []
          },
          "sensitive_attributes": [],
          "private": "eyJlMmJmYjczMC1lY2FhLTExZTYtOGY4OC0zNDM2M2JjN2M0YzAiOnsiY3JlYXRlIjo2MDAwMDAwMDAwMDAsInVwZGF0ZSI6NjAwMDAwMDAwMDAwfX0=",
          "dependencies": [
            "aws_iam_role.default_lambda_exec",
            "aws_s3_bucket.lambda_bucket",
            "aws_s3_object.lambda_regeneration",
            "data.archive_file.regeneration_lambda"
          ]
        }
      ]
    },
    {
      "mode": "managed",
      "type": "aws_route53_record",
      "name": "cloudfront_alias_domain",
      "provider": "provider[\"registry.terraform.io/hashicorp/aws\"]",
      "instances": [
        {
          "index_key": "*.beatsnext.com",
          "schema_version": 2,
          "attributes": {
            "alias": [
              {
                "evaluate_target_health": false,
                "name": "dfnqcscnu5xe9.cloudfront.net",
                "zone_id": "Z2FDTNDATAQYW2"
              }
            ],
            "allow_overwrite": null,
            "failover_routing_policy": [],
            "fqdn": "*.beatsnext.com",
            "geolocation_routing_policy": [],
            "health_check_id": null,
            "id": "Z06628972TBI5UV1L9HS7_*.beatsnext.com_A",
            "latency_routing_policy": [],
            "multivalue_answer_routing_policy": null,
            "name": "*.beatsnext.com",
            "records": null,
            "set_identifier": null,
            "ttl": null,
            "type": "A",
            "weighted_routing_policy": [],
            "zone_id": "Z06628972TBI5UV1L9HS7"
          },
          "sensitive_attributes": [],
          "private": "eyJzY2hlbWFfdmVyc2lvbiI6IjIifQ==",
          "dependencies": [
            "aws_cloudfront_distribution.cdn",
            "aws_cloudfront_origin_access_identity.my-oai",
            "aws_iam_role.default_lambda_exec",
            "aws_lambda_function.api_path",
            "aws_lambda_function.default_path",
            "aws_lambda_function.image_path",
            "aws_s3_bucket.beats-nextjs-bucket",
            "aws_s3_bucket.lambda_bucket",
            "aws_s3_object.lambda_api",
            "aws_s3_object.lambda_default",
            "aws_s3_object.lambda_image",
            "data.archive_file.api_lambda",
            "data.archive_file.default_lambda",
            "data.archive_file.image_lambda",
            "data.aws_route53_zone.custom_domain_zone",
            "module.cloudfront_cert.aws_acm_certificate.this",
            "module.cloudfront_cert.aws_acm_certificate_validation.this"
          ]
        },
        {
          "index_key": "beatsnext.com",
          "schema_version": 2,
          "attributes": {
            "alias": [
              {
                "evaluate_target_health": false,
                "name": "dfnqcscnu5xe9.cloudfront.net",
                "zone_id": "Z2FDTNDATAQYW2"
              }
            ],
            "allow_overwrite": null,
            "failover_routing_policy": [],
            "fqdn": "beatsnext.com",
            "geolocation_routing_policy": [],
            "health_check_id": "",
            "id": "Z06628972TBI5UV1L9HS7_beatsnext.com_A",
            "latency_routing_policy": [],
            "multivalue_answer_routing_policy": false,
            "name": "beatsnext.com",
            "records": [],
            "set_identifier": "",
            "ttl": 0,
            "type": "A",
            "weighted_routing_policy": [],
            "zone_id": "Z06628972TBI5UV1L9HS7"
          },
          "sensitive_attributes": [],
          "private": "eyJzY2hlbWFfdmVyc2lvbiI6IjIifQ==",
          "dependencies": [
            "aws_cloudfront_distribution.cdn",
            "aws_cloudfront_origin_access_identity.my-oai",
            "aws_iam_role.default_lambda_exec",
            "aws_lambda_function.api_path",
            "aws_lambda_function.default_path",
            "aws_lambda_function.image_path",
            "aws_s3_bucket.beats-nextjs-bucket",
            "aws_s3_bucket.lambda_bucket",
            "aws_s3_object.lambda_api",
            "aws_s3_object.lambda_default",
            "aws_s3_object.lambda_image",
            "data.archive_file.api_lambda",
            "data.archive_file.default_lambda",
            "data.archive_file.image_lambda",
            "data.aws_iam_policy_document.lambda_policy",
            "data.aws_route53_zone.custom_domain_zone",
            "module.cloudfront_cert.aws_acm_certificate.this",
            "module.cloudfront_cert.aws_acm_certificate_validation.this",
            "module.cloudfront_cert.aws_route53_record.validation"
          ]
        }
      ]
    },
    {
      "mode": "managed",
      "type": "aws_s3_bucket",
      "name": "beats-nextjs-bucket",
      "provider": "provider[\"registry.terraform.io/hashicorp/aws\"]",
      "instances": [
        {
          "schema_version": 0,
          "attributes": {
            "acceleration_status": "",
            "acl": "private",
            "arn": "arn:aws:s3:::beats-nextjs",
            "bucket": "beats-nextjs",
            "bucket_domain_name": "beats-nextjs.s3.amazonaws.com",
            "bucket_prefix": null,
            "bucket_regional_domain_name": "beats-nextjs.s3.amazonaws.com",
            "cors_rule": [],
            "force_destroy": false,
            "grant": [
              {
                "id": "c606020a98042b1470ecb961a7b56ad07da9a432eeddecf4eee6a79ec6961d89",
                "permissions": [
                  "FULL_CONTROL"
                ],
                "type": "CanonicalUser",
                "uri": ""
              }
            ],
            "hosted_zone_id": "Z3AQBSTGFYJSTF",
            "id": "beats-nextjs",
            "lifecycle_rule": [],
            "logging": [],
            "object_lock_configuration": [],
            "object_lock_enabled": false,
            "policy": "{\"Statement\":[{\"Action\":\"s3:GetObject\",\"Effect\":\"Allow\",\"Principal\":{\"AWS\":\"arn:aws:iam::cloudfront:user/CloudFront Origin Access Identity E1DOYOH22KX23H\"},\"Resource\":\"arn:aws:s3:::beats-nextjs/*\",\"Sid\":\"1\"}],\"Version\":\"2012-10-17\"}",
            "region": "us-east-1",
            "replication_configuration": [],
            "request_payer": "BucketOwner",
            "server_side_encryption_configuration": [],
            "tags": {},
            "tags_all": {},
            "timeouts": null,
            "versioning": [
              {
                "enabled": false,
                "mfa_delete": false
              }
            ],
            "website": [],
            "website_domain": null,
            "website_endpoint": null
          },
          "sensitive_attributes": [],
          "private": "eyJlMmJmYjczMC1lY2FhLTExZTYtOGY4OC0zNDM2M2JjN2M0YzAiOnsiY3JlYXRlIjoxMjAwMDAwMDAwMDAwLCJkZWxldGUiOjM2MDAwMDAwMDAwMDAsInJlYWQiOjEyMDAwMDAwMDAwMDAsInVwZGF0ZSI6MTIwMDAwMDAwMDAwMH19"
        }
      ]
    },
    {
      "mode": "managed",
      "type": "aws_s3_bucket",
      "name": "lambda_bucket",
      "provider": "provider[\"registry.terraform.io/hashicorp/aws\"]",
      "instances": [
        {
          "schema_version": 0,
          "attributes": {
            "acceleration_status": "",
            "acl": null,
            "arn": "arn:aws:s3:::lambda-bucket-beatsnext",
            "bucket": "lambda-bucket-beatsnext",
            "bucket_domain_name": "lambda-bucket-beatsnext.s3.amazonaws.com",
            "bucket_prefix": null,
            "bucket_regional_domain_name": "lambda-bucket-beatsnext.s3.amazonaws.com",
            "cors_rule": [],
            "force_destroy": true,
            "grant": [
              {
                "id": "c606020a98042b1470ecb961a7b56ad07da9a432eeddecf4eee6a79ec6961d89",
                "permissions": [
                  "FULL_CONTROL"
                ],
                "type": "CanonicalUser",
                "uri": ""
              }
            ],
            "hosted_zone_id": "Z3AQBSTGFYJSTF",
            "id": "lambda-bucket-beatsnext",
            "lifecycle_rule": [],
            "logging": [],
            "object_lock_configuration": [],
            "object_lock_enabled": false,
            "policy": "",
            "region": "us-east-1",
            "replication_configuration": [],
            "request_payer": "BucketOwner",
            "server_side_encryption_configuration": [],
            "tags": {},
            "tags_all": {},
            "timeouts": null,
            "versioning": [
              {
                "enabled": false,
                "mfa_delete": false
              }
            ],
            "website": [],
            "website_domain": null,
            "website_endpoint": null
          },
          "sensitive_attributes": [],
          "private": "eyJlMmJmYjczMC1lY2FhLTExZTYtOGY4OC0zNDM2M2JjN2M0YzAiOnsiY3JlYXRlIjoxMjAwMDAwMDAwMDAwLCJkZWxldGUiOjM2MDAwMDAwMDAwMDAsInJlYWQiOjEyMDAwMDAwMDAwMDAsInVwZGF0ZSI6MTIwMDAwMDAwMDAwMH19"
        }
      ]
    },
    {
      "mode": "managed",
      "type": "aws_s3_bucket_acl",
      "name": "b_acl",
      "provider": "provider[\"registry.terraform.io/hashicorp/aws\"]",
      "instances": [
        {
          "schema_version": 0,
          "attributes": {
            "access_control_policy": [
              {
                "grant": [
                  {
                    "grantee": [
                      {
                        "display_name": "manish.mistry.218+18",
                        "email_address": "",
                        "id": "c606020a98042b1470ecb961a7b56ad07da9a432eeddecf4eee6a79ec6961d89",
                        "type": "CanonicalUser",
                        "uri": ""
                      }
                    ],
                    "permission": "FULL_CONTROL"
                  }
                ],
                "owner": [
                  {
                    "display_name": "manish.mistry.218+18",
                    "id": "c606020a98042b1470ecb961a7b56ad07da9a432eeddecf4eee6a79ec6961d89"
                  }
                ]
              }
            ],
            "acl": "private",
            "bucket": "beats-nextjs",
            "expected_bucket_owner": "",
            "id": "beats-nextjs,private"
          },
          "sensitive_attributes": [],
          "private": "bnVsbA==",
          "dependencies": [
            "aws_s3_bucket.beats-nextjs-bucket"
          ]
        }
      ]
    },
    {
      "mode": "managed",
      "type": "aws_s3_bucket_object",
      "name": "dist",
      "provider": "provider[\"registry.terraform.io/hashicorp/aws\"]",
      "instances": [
        {
          "index_key": "BUILD_ID",
          "schema_version": 0,
          "attributes": {
            "acl": "private",
            "bucket": "beats-nextjs",
            "bucket_key_enabled": false,
            "cache_control": "public, max-age=0, s-maxage=2678400, must-revalidate",
            "content": null,
            "content_base64": null,
            "content_disposition": "",
            "content_encoding": "",
            "content_language": "",
            "content_type": "application/octet-stream",
            "etag": "a96d2fb7160c0cce19914f821bc3a290",
            "force_destroy": false,
            "id": "BUILD_ID",
            "key": "BUILD_ID",
            "kms_key_id": null,
            "metadata": {},
            "object_lock_legal_hold_status": "",
            "object_lock_mode": "",
            "object_lock_retain_until_date": "",
            "server_side_encryption": "",
            "source": "./deploy/.serverless_nextjs/assets/BUILD_ID",
            "source_hash": null,
            "storage_class": "STANDARD",
            "tags": {},
            "tags_all": {},
            "version_id": "",
            "website_redirect": ""
          },
          "sensitive_attributes": [],
          "private": "bnVsbA==",
          "dependencies": [
            "aws_s3_bucket.beats-nextjs-bucket"
          ]
        },
        {
          "index_key": "_next/data/LOuuz-wzxHNt0QOEp7MxL/about.json",
          "schema_version": 0,
          "attributes": {
            "acl": "private",
            "bucket": "beats-nextjs",
            "bucket_key_enabled": false,
            "cache_control": "public, max-age=0, s-maxage=2678400, must-revalidate",
            "content": null,
            "content_base64": null,
            "content_disposition": "",
            "content_encoding": "",
            "content_language": "",
            "content_type": "application/json",
            "etag": "1379645591a88d5b9dd553d257fb9b9a",
            "force_destroy": false,
            "id": "_next/data/LOuuz-wzxHNt0QOEp7MxL/about.json",
            "key": "_next/data/LOuuz-wzxHNt0QOEp7MxL/about.json",
            "kms_key_id": null,
            "metadata": null,
            "object_lock_legal_hold_status": "",
            "object_lock_mode": "",
            "object_lock_retain_until_date": "",
            "server_side_encryption": "",
            "source": "./deploy/.serverless_nextjs/assets/_next/data/LOuuz-wzxHNt0QOEp7MxL/about.json",
            "source_hash": null,
            "storage_class": "STANDARD",
            "tags": null,
            "tags_all": {},
            "version_id": "",
            "website_redirect": ""
          },
          "sensitive_attributes": [],
          "private": "bnVsbA==",
          "dependencies": [
            "aws_s3_bucket.beats-nextjs-bucket"
          ]
        },
        {
          "index_key": "_next/data/LOuuz-wzxHNt0QOEp7MxL/videos/6182b67ff47455000893d5d1gh.json",
          "schema_version": 0,
          "attributes": {
            "acl": "private",
            "bucket": "beats-nextjs",
            "bucket_key_enabled": false,
            "cache_control": "public, max-age=0, s-maxage=2678400, must-revalidate",
            "content": null,
            "content_base64": null,
            "content_disposition": "",
            "content_encoding": "",
            "content_language": "",
            "content_type": "application/json",
            "etag": "3a28abec2322c7814bea2fc489edffe5",
            "force_destroy": false,
            "id": "_next/data/LOuuz-wzxHNt0QOEp7MxL/videos/6182b67ff47455000893d5d1gh.json",
            "key": "_next/data/LOuuz-wzxHNt0QOEp7MxL/videos/6182b67ff47455000893d5d1gh.json",
            "kms_key_id": null,
            "metadata": null,
            "object_lock_legal_hold_status": "",
            "object_lock_mode": "",
            "object_lock_retain_until_date": "",
            "server_side_encryption": "",
            "source": "./deploy/.serverless_nextjs/assets/_next/data/LOuuz-wzxHNt0QOEp7MxL/videos/6182b67ff47455000893d5d1gh.json",
            "source_hash": null,
            "storage_class": "STANDARD",
            "tags": null,
            "tags_all": {},
            "version_id": "",
            "website_redirect": ""
          },
          "sensitive_attributes": [],
          "private": "bnVsbA==",
          "dependencies": [
            "aws_s3_bucket.beats-nextjs-bucket"
          ]
        },
        {
          "index_key": "_next/static/LOuuz-wzxHNt0QOEp7MxL/_buildManifest.js",
          "schema_version": 0,
          "attributes": {
            "acl": "private",
            "bucket": "beats-nextjs",
            "bucket_key_enabled": false,
            "cache_control": "public, max-age=0, s-maxage=2678400, must-revalidate",
            "content": null,
            "content_base64": null,
            "content_disposition": "",
            "content_encoding": "",
            "content_language": "",
            "content_type": "application/javascript",
            "etag": "5850ca1c0f7f27c9a8541a63d920fb15",
            "force_destroy": false,
            "id": "_next/static/LOuuz-wzxHNt0QOEp7MxL/_buildManifest.js",
            "key": "_next/static/LOuuz-wzxHNt0QOEp7MxL/_buildManifest.js",
            "kms_key_id": null,
            "metadata": null,
            "object_lock_legal_hold_status": "",
            "object_lock_mode": "",
            "object_lock_retain_until_date": "",
            "server_side_encryption": "",
            "source": "./deploy/.serverless_nextjs/assets/_next/static/LOuuz-wzxHNt0QOEp7MxL/_buildManifest.js",
            "source_hash": null,
            "storage_class": "STANDARD",
            "tags": null,
            "tags_all": {},
            "version_id": "",
            "website_redirect": ""
          },
          "sensitive_attributes": [],
          "private": "bnVsbA==",
          "dependencies": [
            "aws_s3_bucket.beats-nextjs-bucket"
          ]
        },
        {
          "index_key": "_next/static/LOuuz-wzxHNt0QOEp7MxL/_middlewareManifest.js",
          "schema_version": 0,
          "attributes": {
            "acl": "private",
            "bucket": "beats-nextjs",
            "bucket_key_enabled": false,
            "cache_control": "public, max-age=0, s-maxage=2678400, must-revalidate",
            "content": null,
            "content_base64": null,
            "content_disposition": "",
            "content_encoding": "",
            "content_language": "",
            "content_type": "application/javascript",
            "etag": "7c3f7e060745668041278118c0bb3d6d",
            "force_destroy": false,
            "id": "_next/static/LOuuz-wzxHNt0QOEp7MxL/_middlewareManifest.js",
            "key": "_next/static/LOuuz-wzxHNt0QOEp7MxL/_middlewareManifest.js",
            "kms_key_id": null,
            "metadata": null,
            "object_lock_legal_hold_status": "",
            "object_lock_mode": "",
            "object_lock_retain_until_date": "",
            "server_side_encryption": "",
            "source": "./deploy/.serverless_nextjs/assets/_next/static/LOuuz-wzxHNt0QOEp7MxL/_middlewareManifest.js",
            "source_hash": null,
            "storage_class": "STANDARD",
            "tags": null,
            "tags_all": {},
            "version_id": "",
            "website_redirect": ""
          },
          "sensitive_attributes": [],
          "private": "bnVsbA==",
          "dependencies": [
            "aws_s3_bucket.beats-nextjs-bucket"
          ]
        },
        {
          "index_key": "_next/static/LOuuz-wzxHNt0QOEp7MxL/_ssgManifest.js",
          "schema_version": 0,
          "attributes": {
            "acl": "private",
            "bucket": "beats-nextjs",
            "bucket_key_enabled": false,
            "cache_control": "public, max-age=0, s-maxage=2678400, must-revalidate",
            "content": null,
            "content_base64": null,
            "content_disposition": "",
            "content_encoding": "",
            "content_language": "",
            "content_type": "application/javascript",
            "etag": "594d60bd681cd2e36e7917604c5a3765",
            "force_destroy": false,
            "id": "_next/static/LOuuz-wzxHNt0QOEp7MxL/_ssgManifest.js",
            "key": "_next/static/LOuuz-wzxHNt0QOEp7MxL/_ssgManifest.js",
            "kms_key_id": null,
            "metadata": null,
            "object_lock_legal_hold_status": "",
            "object_lock_mode": "",
            "object_lock_retain_until_date": "",
            "server_side_encryption": "",
            "source": "./deploy/.serverless_nextjs/assets/_next/static/LOuuz-wzxHNt0QOEp7MxL/_ssgManifest.js",
            "source_hash": null,
            "storage_class": "STANDARD",
            "tags": null,
            "tags_all": {},
            "version_id": "",
            "website_redirect": ""
          },
          "sensitive_attributes": [],
          "private": "bnVsbA==",
          "dependencies": [
            "aws_s3_bucket.beats-nextjs-bucket"
          ]
        },
        {
          "index_key": "_next/static/chunks/framework-d4c7fbe780b853ea.js",
          "schema_version": 0,
          "attributes": {
            "acl": "private",
            "bucket": "beats-nextjs",
            "bucket_key_enabled": false,
            "cache_control": "public, max-age=0, s-maxage=2678400, must-revalidate",
            "content": null,
            "content_base64": null,
            "content_disposition": "",
            "content_encoding": "",
            "content_language": "",
            "content_type": "application/javascript",
            "etag": "af3d60b70c0bb0a6020de7a00dff0a04",
            "force_destroy": false,
            "id": "_next/static/chunks/framework-d4c7fbe780b853ea.js",
            "key": "_next/static/chunks/framework-d4c7fbe780b853ea.js",
            "kms_key_id": null,
            "metadata": {},
            "object_lock_legal_hold_status": "",
            "object_lock_mode": "",
            "object_lock_retain_until_date": "",
            "server_side_encryption": "",
            "source": "./deploy/.serverless_nextjs/assets/_next/static/chunks/framework-d4c7fbe780b853ea.js",
            "source_hash": null,
            "storage_class": "STANDARD",
            "tags": {},
            "tags_all": {},
            "version_id": "",
            "website_redirect": ""
          },
          "sensitive_attributes": [],
          "private": "bnVsbA==",
          "dependencies": [
            "aws_s3_bucket.beats-nextjs-bucket"
          ]
        },
        {
          "index_key": "_next/static/chunks/main-15f66ec6222305d1.js",
          "schema_version": 0,
          "attributes": {
            "acl": "private",
            "bucket": "beats-nextjs",
            "bucket_key_enabled": false,
            "cache_control": "public, max-age=0, s-maxage=2678400, must-revalidate",
            "content": null,
            "content_base64": null,
            "content_disposition": "",
            "content_encoding": "",
            "content_language": "",
            "content_type": "application/javascript",
            "etag": "ee53fd916e67ba145a540d27c6921200",
            "force_destroy": false,
            "id": "_next/static/chunks/main-15f66ec6222305d1.js",
            "key": "_next/static/chunks/main-15f66ec6222305d1.js",
            "kms_key_id": null,
            "metadata": {},
            "object_lock_legal_hold_status": "",
            "object_lock_mode": "",
            "object_lock_retain_until_date": "",
            "server_side_encryption": "",
            "source": "./deploy/.serverless_nextjs/assets/_next/static/chunks/main-15f66ec6222305d1.js",
            "source_hash": null,
            "storage_class": "STANDARD",
            "tags": {},
            "tags_all": {},
            "version_id": "",
            "website_redirect": ""
          },
          "sensitive_attributes": [],
          "private": "bnVsbA==",
          "dependencies": [
            "aws_s3_bucket.beats-nextjs-bucket"
          ]
        },
        {
          "index_key": "_next/static/chunks/pages/_app-c4b2c13a9bef782b.js",
          "schema_version": 0,
          "attributes": {
            "acl": "private",
            "bucket": "beats-nextjs",
            "bucket_key_enabled": false,
            "cache_control": "public, max-age=0, s-maxage=2678400, must-revalidate",
            "content": null,
            "content_base64": null,
            "content_disposition": "",
            "content_encoding": "",
            "content_language": "",
            "content_type": "application/javascript",
            "etag": "905204b4c9590c8a52b6fb73824d9601",
            "force_destroy": false,
            "id": "_next/static/chunks/pages/_app-c4b2c13a9bef782b.js",
            "key": "_next/static/chunks/pages/_app-c4b2c13a9bef782b.js",
            "kms_key_id": null,
            "metadata": {},
            "object_lock_legal_hold_status": "",
            "object_lock_mode": "",
            "object_lock_retain_until_date": "",
            "server_side_encryption": "",
            "source": "./deploy/.serverless_nextjs/assets/_next/static/chunks/pages/_app-c4b2c13a9bef782b.js",
            "source_hash": null,
            "storage_class": "STANDARD",
            "tags": {},
            "tags_all": {},
            "version_id": "",
            "website_redirect": ""
          },
          "sensitive_attributes": [],
          "private": "bnVsbA==",
          "dependencies": [
            "aws_s3_bucket.beats-nextjs-bucket"
          ]
        },
        {
          "index_key": "_next/static/chunks/pages/_error-5f79c00932c7c9f1.js",
          "schema_version": 0,
          "attributes": {
            "acl": "private",
            "bucket": "beats-nextjs",
            "bucket_key_enabled": false,
            "cache_control": "public, max-age=0, s-maxage=2678400, must-revalidate",
            "content": null,
            "content_base64": null,
            "content_disposition": "",
            "content_encoding": "",
            "content_language": "",
            "content_type": "application/javascript",
            "etag": "2294af0d3a59b5795c87c27da5fa705c",
            "force_destroy": false,
            "id": "_next/static/chunks/pages/_error-5f79c00932c7c9f1.js",
            "key": "_next/static/chunks/pages/_error-5f79c00932c7c9f1.js",
            "kms_key_id": null,
            "metadata": {},
            "object_lock_legal_hold_status": "",
            "object_lock_mode": "",
            "object_lock_retain_until_date": "",
            "server_side_encryption": "",
            "source": "./deploy/.serverless_nextjs/assets/_next/static/chunks/pages/_error-5f79c00932c7c9f1.js",
            "source_hash": null,
            "storage_class": "STANDARD",
            "tags": {},
            "tags_all": {},
            "version_id": "",
            "website_redirect": ""
          },
          "sensitive_attributes": [],
          "private": "bnVsbA==",
          "dependencies": [
            "aws_s3_bucket.beats-nextjs-bucket"
          ]
        },
        {
          "index_key": "_next/static/chunks/pages/about-6d08878aecd67cc1.js",
          "schema_version": 0,
          "attributes": {
            "acl": "private",
            "bucket": "beats-nextjs",
            "bucket_key_enabled": false,
            "cache_control": "public, max-age=0, s-maxage=2678400, must-revalidate",
            "content": null,
            "content_base64": null,
            "content_disposition": "",
            "content_encoding": "",
            "content_language": "",
            "content_type": "application/javascript",
            "etag": "f1d32468829dbb21fae0190637492320",
            "force_destroy": false,
            "id": "_next/static/chunks/pages/about-6d08878aecd67cc1.js",
            "key": "_next/static/chunks/pages/about-6d08878aecd67cc1.js",
            "kms_key_id": null,
            "metadata": {},
            "object_lock_legal_hold_status": "",
            "object_lock_mode": "",
            "object_lock_retain_until_date": "",
            "server_side_encryption": "",
            "source": "./deploy/.serverless_nextjs/assets/_next/static/chunks/pages/about-6d08878aecd67cc1.js",
            "source_hash": null,
            "storage_class": "STANDARD",
            "tags": {},
            "tags_all": {},
            "version_id": "",
            "website_redirect": ""
          },
          "sensitive_attributes": [],
          "private": "bnVsbA==",
          "dependencies": [
            "aws_s3_bucket.beats-nextjs-bucket"
          ]
        },
        {
          "index_key": "_next/static/chunks/pages/index-4c45b77940d9506f.js",
          "schema_version": 0,
          "attributes": {
            "acl": "private",
            "bucket": "beats-nextjs",
            "bucket_key_enabled": false,
            "cache_control": "public, max-age=0, s-maxage=2678400, must-revalidate",
            "content": null,
            "content_base64": null,
            "content_disposition": "",
            "content_encoding": "",
            "content_language": "",
            "content_type": "application/javascript",
            "etag": "f996b4051b9bae9dd9403814608d217f",
            "force_destroy": false,
            "id": "_next/static/chunks/pages/index-4c45b77940d9506f.js",
            "key": "_next/static/chunks/pages/index-4c45b77940d9506f.js",
            "kms_key_id": null,
            "metadata": {},
            "object_lock_legal_hold_status": "",
            "object_lock_mode": "",
            "object_lock_retain_until_date": "",
            "server_side_encryption": "",
            "source": "./deploy/.serverless_nextjs/assets/_next/static/chunks/pages/index-4c45b77940d9506f.js",
            "source_hash": null,
            "storage_class": "STANDARD",
            "tags": {},
            "tags_all": {},
            "version_id": "",
            "website_redirect": ""
          },
          "sensitive_attributes": [],
          "private": "bnVsbA==",
          "dependencies": [
            "aws_s3_bucket.beats-nextjs-bucket"
          ]
        },
        {
          "index_key": "_next/static/chunks/pages/videos/[slug]-280c866d06debdbe.js",
          "schema_version": 0,
          "attributes": {
            "acl": "private",
            "bucket": "beats-nextjs",
            "bucket_key_enabled": false,
            "cache_control": "public, max-age=0, s-maxage=2678400, must-revalidate",
            "content": null,
            "content_base64": null,
            "content_disposition": "",
            "content_encoding": "",
            "content_language": "",
            "content_type": "application/javascript",
            "etag": "cce098ba191445f557d6d7182cc8d093",
            "force_destroy": false,
            "id": "_next/static/chunks/pages/videos/[slug]-280c866d06debdbe.js",
            "key": "_next/static/chunks/pages/videos/[slug]-280c866d06debdbe.js",
            "kms_key_id": null,
            "metadata": {},
            "object_lock_legal_hold_status": "",
            "object_lock_mode": "",
            "object_lock_retain_until_date": "",
            "server_side_encryption": "",
            "source": "./deploy/.serverless_nextjs/assets/_next/static/chunks/pages/videos/[slug]-280c866d06debdbe.js",
            "source_hash": null,
            "storage_class": "STANDARD",
            "tags": {},
            "tags_all": {},
            "version_id": "",
            "website_redirect": ""
          },
          "sensitive_attributes": [],
          "private": "bnVsbA==",
          "dependencies": [
            "aws_s3_bucket.beats-nextjs-bucket"
          ]
        },
        {
          "index_key": "_next/static/chunks/polyfills-5cd94c89d3acac5f.js",
          "schema_version": 0,
          "attributes": {
            "acl": "private",
            "bucket": "beats-nextjs",
            "bucket_key_enabled": false,
            "cache_control": "public, max-age=0, s-maxage=2678400, must-revalidate",
            "content": null,
            "content_base64": null,
            "content_disposition": "",
            "content_encoding": "",
            "content_language": "",
            "content_type": "application/javascript",
            "etag": "99442aec5788bccac9b2f0ead2afdd6b",
            "force_destroy": false,
            "id": "_next/static/chunks/polyfills-5cd94c89d3acac5f.js",
            "key": "_next/static/chunks/polyfills-5cd94c89d3acac5f.js",
            "kms_key_id": null,
            "metadata": {},
            "object_lock_legal_hold_status": "",
            "object_lock_mode": "",
            "object_lock_retain_until_date": "",
            "server_side_encryption": "",
            "source": "./deploy/.serverless_nextjs/assets/_next/static/chunks/polyfills-5cd94c89d3acac5f.js",
            "source_hash": null,
            "storage_class": "STANDARD",
            "tags": {},
            "tags_all": {},
            "version_id": "",
            "website_redirect": ""
          },
          "sensitive_attributes": [],
          "private": "bnVsbA==",
          "dependencies": [
            "aws_s3_bucket.beats-nextjs-bucket"
          ]
        },
        {
          "index_key": "_next/static/chunks/webpack-69bfa6990bb9e155.js",
          "schema_version": 0,
          "attributes": {
            "acl": "private",
            "bucket": "beats-nextjs",
            "bucket_key_enabled": false,
            "cache_control": "public, max-age=0, s-maxage=2678400, must-revalidate",
            "content": null,
            "content_base64": null,
            "content_disposition": "",
            "content_encoding": "",
            "content_language": "",
            "content_type": "application/javascript",
            "etag": "681bc68d1cfacbd291597fdd435b8c5b",
            "force_destroy": false,
            "id": "_next/static/chunks/webpack-69bfa6990bb9e155.js",
            "key": "_next/static/chunks/webpack-69bfa6990bb9e155.js",
            "kms_key_id": null,
            "metadata": {},
            "object_lock_legal_hold_status": "",
            "object_lock_mode": "",
            "object_lock_retain_until_date": "",
            "server_side_encryption": "",
            "source": "./deploy/.serverless_nextjs/assets/_next/static/chunks/webpack-69bfa6990bb9e155.js",
            "source_hash": null,
            "storage_class": "STANDARD",
            "tags": {},
            "tags_all": {},
            "version_id": "",
            "website_redirect": ""
          },
          "sensitive_attributes": [],
          "private": "bnVsbA==",
          "dependencies": [
            "aws_s3_bucket.beats-nextjs-bucket"
          ]
        },
        {
          "index_key": "_next/static/css/32d668369076d8cb.css",
          "schema_version": 0,
          "attributes": {
            "acl": "private",
            "bucket": "beats-nextjs",
            "bucket_key_enabled": false,
            "cache_control": "public, max-age=0, s-maxage=2678400, must-revalidate",
            "content": null,
            "content_base64": null,
            "content_disposition": "",
            "content_encoding": "",
            "content_language": "",
            "content_type": "text/css; charset=utf-8",
            "etag": "84a43cfff0a7bbe2699231f3bfb246b9",
            "force_destroy": false,
            "id": "_next/static/css/32d668369076d8cb.css",
            "key": "_next/static/css/32d668369076d8cb.css",
            "kms_key_id": null,
            "metadata": {},
            "object_lock_legal_hold_status": "",
            "object_lock_mode": "",
            "object_lock_retain_until_date": "",
            "server_side_encryption": "",
            "source": "./deploy/.serverless_nextjs/assets/_next/static/css/32d668369076d8cb.css",
            "source_hash": null,
            "storage_class": "STANDARD",
            "tags": {},
            "tags_all": {},
            "version_id": "",
            "website_redirect": ""
          },
          "sensitive_attributes": [],
          "private": "bnVsbA==",
          "dependencies": [
            "aws_s3_bucket.beats-nextjs-bucket"
          ]
        },
        {
          "index_key": "_next/static/css/ef46db3751d8e999.css",
          "schema_version": 0,
          "attributes": {
            "acl": "private",
            "bucket": "beats-nextjs",
            "bucket_key_enabled": false,
            "cache_control": "public, max-age=0, s-maxage=2678400, must-revalidate",
            "content": null,
            "content_base64": null,
            "content_disposition": "",
            "content_encoding": "",
            "content_language": "",
            "content_type": "text/css; charset=utf-8",
            "etag": "d41d8cd98f00b204e9800998ecf8427e",
            "force_destroy": false,
            "id": "_next/static/css/ef46db3751d8e999.css",
            "key": "_next/static/css/ef46db3751d8e999.css",
            "kms_key_id": null,
            "metadata": {},
            "object_lock_legal_hold_status": "",
            "object_lock_mode": "",
            "object_lock_retain_until_date": "",
            "server_side_encryption": "",
            "source": "./deploy/.serverless_nextjs/assets/_next/static/css/ef46db3751d8e999.css",
            "source_hash": null,
            "storage_class": "STANDARD",
            "tags": {},
            "tags_all": {},
            "version_id": "",
            "website_redirect": ""
          },
          "sensitive_attributes": [],
          "private": "bnVsbA==",
          "dependencies": [
            "aws_s3_bucket.beats-nextjs-bucket"
          ]
        },
        {
          "index_key": "public/.gitkeep",
          "schema_version": 0,
          "attributes": {
            "acl": "private",
            "bucket": "beats-nextjs",
            "bucket_key_enabled": false,
            "cache_control": "public, max-age=0, s-maxage=2678400, must-revalidate",
            "content": null,
            "content_base64": null,
            "content_disposition": "",
            "content_encoding": "",
            "content_language": "",
            "content_type": "application/octet-stream",
            "etag": "d41d8cd98f00b204e9800998ecf8427e",
            "force_destroy": false,
            "id": "public/.gitkeep",
            "key": "public/.gitkeep",
            "kms_key_id": null,
            "metadata": {},
            "object_lock_legal_hold_status": "",
            "object_lock_mode": "",
            "object_lock_retain_until_date": "",
            "server_side_encryption": "",
            "source": "./deploy/.serverless_nextjs/assets/public/.gitkeep",
            "source_hash": null,
            "storage_class": "STANDARD",
            "tags": {},
            "tags_all": {},
            "version_id": "",
            "website_redirect": ""
          },
          "sensitive_attributes": [],
          "private": "bnVsbA==",
          "dependencies": [
            "aws_s3_bucket.beats-nextjs-bucket"
          ]
        },
        {
          "index_key": "public/icon-192x192.png",
          "schema_version": 0,
          "attributes": {
            "acl": "private",
            "bucket": "beats-nextjs",
            "bucket_key_enabled": false,
            "cache_control": "public, max-age=0, s-maxage=2678400, must-revalidate",
            "content": null,
            "content_base64": null,
            "content_disposition": "",
            "content_encoding": "",
            "content_language": "",
            "content_type": "image/png",
            "etag": "fee442aad824b09611d643dda5de49d0",
            "force_destroy": false,
            "id": "public/icon-192x192.png",
            "key": "public/icon-192x192.png",
            "kms_key_id": null,
            "metadata": {},
            "object_lock_legal_hold_status": "",
            "object_lock_mode": "",
            "object_lock_retain_until_date": "",
            "server_side_encryption": "",
            "source": "./deploy/.serverless_nextjs/assets/public/icon-192x192.png",
            "source_hash": null,
            "storage_class": "STANDARD",
            "tags": {},
            "tags_all": {},
            "version_id": "",
            "website_redirect": ""
          },
          "sensitive_attributes": [],
          "private": "bnVsbA==",
          "dependencies": [
            "aws_s3_bucket.beats-nextjs-bucket"
          ]
        },
        {
          "index_key": "public/icon-256x256.png",
          "schema_version": 0,
          "attributes": {
            "acl": "private",
            "bucket": "beats-nextjs",
            "bucket_key_enabled": false,
            "cache_control": "public, max-age=0, s-maxage=2678400, must-revalidate",
            "content": null,
            "content_base64": null,
            "content_disposition": "",
            "content_encoding": "",
            "content_language": "",
            "content_type": "image/png",
            "etag": "60d594c37cf62a164343a96918ac5460",
            "force_destroy": false,
            "id": "public/icon-256x256.png",
            "key": "public/icon-256x256.png",
            "kms_key_id": null,
            "metadata": {},
            "object_lock_legal_hold_status": "",
            "object_lock_mode": "",
            "object_lock_retain_until_date": "",
            "server_side_encryption": "",
            "source": "./deploy/.serverless_nextjs/assets/public/icon-256x256.png",
            "source_hash": null,
            "storage_class": "STANDARD",
            "tags": {},
            "tags_all": {},
            "version_id": "",
            "website_redirect": ""
          },
          "sensitive_attributes": [],
          "private": "bnVsbA==",
          "dependencies": [
            "aws_s3_bucket.beats-nextjs-bucket"
          ]
        },
        {
          "index_key": "public/icon-384x384.png",
          "schema_version": 0,
          "attributes": {
            "acl": "private",
            "bucket": "beats-nextjs",
            "bucket_key_enabled": false,
            "cache_control": "public, max-age=0, s-maxage=2678400, must-revalidate",
            "content": null,
            "content_base64": null,
            "content_disposition": "",
            "content_encoding": "",
            "content_language": "",
            "content_type": "image/png",
            "etag": "21ea00be893c0254f3f0753c982d588d",
            "force_destroy": false,
            "id": "public/icon-384x384.png",
            "key": "public/icon-384x384.png",
            "kms_key_id": null,
            "metadata": {},
            "object_lock_legal_hold_status": "",
            "object_lock_mode": "",
            "object_lock_retain_until_date": "",
            "server_side_encryption": "",
            "source": "./deploy/.serverless_nextjs/assets/public/icon-384x384.png",
            "source_hash": null,
            "storage_class": "STANDARD",
            "tags": {},
            "tags_all": {},
            "version_id": "",
            "website_redirect": ""
          },
          "sensitive_attributes": [],
          "private": "bnVsbA==",
          "dependencies": [
            "aws_s3_bucket.beats-nextjs-bucket"
          ]
        },
        {
          "index_key": "public/icon-512x512.png",
          "schema_version": 0,
          "attributes": {
            "acl": "private",
            "bucket": "beats-nextjs",
            "bucket_key_enabled": false,
            "cache_control": "public, max-age=0, s-maxage=2678400, must-revalidate",
            "content": null,
            "content_base64": null,
            "content_disposition": "",
            "content_encoding": "",
            "content_language": "",
            "content_type": "image/png",
            "etag": "6eaf659030ff640d504b06708075c4c8",
            "force_destroy": false,
            "id": "public/icon-512x512.png",
            "key": "public/icon-512x512.png",
            "kms_key_id": null,
            "metadata": {},
            "object_lock_legal_hold_status": "",
            "object_lock_mode": "",
            "object_lock_retain_until_date": "",
            "server_side_encryption": "",
            "source": "./deploy/.serverless_nextjs/assets/public/icon-512x512.png",
            "source_hash": null,
            "storage_class": "STANDARD",
            "tags": {},
            "tags_all": {},
            "version_id": "",
            "website_redirect": ""
          },
          "sensitive_attributes": [],
          "private": "bnVsbA==",
          "dependencies": [
            "aws_s3_bucket.beats-nextjs-bucket"
          ]
        },
        {
          "index_key": "public/manifest.json",
          "schema_version": 0,
          "attributes": {
            "acl": "private",
            "bucket": "beats-nextjs",
            "bucket_key_enabled": false,
            "cache_control": "public, max-age=0, s-maxage=2678400, must-revalidate",
            "content": null,
            "content_base64": null,
            "content_disposition": "",
            "content_encoding": "",
            "content_language": "",
            "content_type": "application/json",
            "etag": "737dfa98292c15b90685dff3d8c22e47",
            "force_destroy": false,
            "id": "public/manifest.json",
            "key": "public/manifest.json",
            "kms_key_id": null,
            "metadata": {},
            "object_lock_legal_hold_status": "",
            "object_lock_mode": "",
            "object_lock_retain_until_date": "",
            "server_side_encryption": "",
            "source": "./deploy/.serverless_nextjs/assets/public/manifest.json",
            "source_hash": null,
            "storage_class": "STANDARD",
            "tags": {},
            "tags_all": {},
            "version_id": "",
            "website_redirect": ""
          },
          "sensitive_attributes": [],
          "private": "bnVsbA==",
          "dependencies": [
            "aws_s3_bucket.beats-nextjs-bucket"
          ]
        },
        {
          "index_key": "public/sw.js",
          "schema_version": 0,
          "attributes": {
            "acl": "private",
            "bucket": "beats-nextjs",
            "bucket_key_enabled": false,
            "cache_control": "public, max-age=0, s-maxage=2678400, must-revalidate",
            "content": null,
            "content_base64": null,
            "content_disposition": "",
            "content_encoding": "",
            "content_language": "",
            "content_type": "application/javascript",
            "etag": "64623ca11b97046d8a98c91249258e2b",
            "force_destroy": false,
            "id": "public/sw.js",
            "key": "public/sw.js",
            "kms_key_id": null,
            "metadata": {},
            "object_lock_legal_hold_status": "",
            "object_lock_mode": "",
            "object_lock_retain_until_date": "",
            "server_side_encryption": "",
            "source": "./deploy/.serverless_nextjs/assets/public/sw.js",
            "source_hash": null,
            "storage_class": "STANDARD",
            "tags": {},
            "tags_all": {},
            "version_id": "",
            "website_redirect": ""
          },
          "sensitive_attributes": [],
          "private": "bnVsbA==",
          "dependencies": [
            "aws_s3_bucket.beats-nextjs-bucket"
          ]
        },
        {
          "index_key": "public/workbox-2780d724.js",
          "schema_version": 0,
          "attributes": {
            "acl": "private",
            "bucket": "beats-nextjs",
            "bucket_key_enabled": false,
            "cache_control": "public, max-age=0, s-maxage=2678400, must-revalidate",
            "content": null,
            "content_base64": null,
            "content_disposition": "",
            "content_encoding": "",
            "content_language": "",
            "content_type": "application/javascript",
            "etag": "2ddf7218bfbad18d5e8d885b97912c76",
            "force_destroy": false,
            "id": "public/workbox-2780d724.js",
            "key": "public/workbox-2780d724.js",
            "kms_key_id": null,
            "metadata": {},
            "object_lock_legal_hold_status": "",
            "object_lock_mode": "",
            "object_lock_retain_until_date": "",
            "server_side_encryption": "",
            "source": "./deploy/.serverless_nextjs/assets/public/workbox-2780d724.js",
            "source_hash": null,
            "storage_class": "STANDARD",
            "tags": {},
            "tags_all": {},
            "version_id": "",
            "website_redirect": ""
          },
          "sensitive_attributes": [],
          "private": "bnVsbA==",
          "dependencies": [
            "aws_s3_bucket.beats-nextjs-bucket"
          ]
        },
        {
          "index_key": "static-pages/LOuuz-wzxHNt0QOEp7MxL/404.html",
          "schema_version": 0,
          "attributes": {
            "acl": "private",
            "bucket": "beats-nextjs",
            "bucket_key_enabled": false,
            "cache_control": "public, max-age=0, s-maxage=2678400, must-revalidate",
            "content": null,
            "content_base64": null,
            "content_disposition": "",
            "content_encoding": "",
            "content_language": "",
            "content_type": "text/html; charset=utf-8",
            "etag": "88055e0eac3edbf500684788455d0ea3",
            "force_destroy": false,
            "id": "static-pages/LOuuz-wzxHNt0QOEp7MxL/404.html",
            "key": "static-pages/LOuuz-wzxHNt0QOEp7MxL/404.html",
            "kms_key_id": null,
            "metadata": null,
            "object_lock_legal_hold_status": "",
            "object_lock_mode": "",
            "object_lock_retain_until_date": "",
            "server_side_encryption": "",
            "source": "./deploy/.serverless_nextjs/assets/static-pages/LOuuz-wzxHNt0QOEp7MxL/404.html",
            "source_hash": null,
            "storage_class": "STANDARD",
            "tags": null,
            "tags_all": {},
            "version_id": "",
            "website_redirect": ""
          },
          "sensitive_attributes": [],
          "private": "bnVsbA==",
          "dependencies": [
            "aws_s3_bucket.beats-nextjs-bucket"
          ]
        },
        {
          "index_key": "static-pages/LOuuz-wzxHNt0QOEp7MxL/about.html",
          "schema_version": 0,
          "attributes": {
            "acl": "private",
            "bucket": "beats-nextjs",
            "bucket_key_enabled": false,
            "cache_control": "public, max-age=0, s-maxage=2678400, must-revalidate",
            "content": null,
            "content_base64": null,
            "content_disposition": "",
            "content_encoding": "",
            "content_language": "",
            "content_type": "text/html; charset=utf-8",
            "etag": "e616ce16933d547a421488ad82ea6de4",
            "force_destroy": false,
            "id": "static-pages/LOuuz-wzxHNt0QOEp7MxL/about.html",
            "key": "static-pages/LOuuz-wzxHNt0QOEp7MxL/about.html",
            "kms_key_id": null,
            "metadata": null,
            "object_lock_legal_hold_status": "",
            "object_lock_mode": "",
            "object_lock_retain_until_date": "",
            "server_side_encryption": "",
            "source": "./deploy/.serverless_nextjs/assets/static-pages/LOuuz-wzxHNt0QOEp7MxL/about.html",
            "source_hash": null,
            "storage_class": "STANDARD",
            "tags": null,
            "tags_all": {},
            "version_id": "",
            "website_redirect": ""
          },
          "sensitive_attributes": [],
          "private": "bnVsbA==",
          "dependencies": [
            "aws_s3_bucket.beats-nextjs-bucket"
          ]
        },
        {
          "index_key": "static-pages/LOuuz-wzxHNt0QOEp7MxL/index.html",
          "schema_version": 0,
          "attributes": {
            "acl": "private",
            "bucket": "beats-nextjs",
            "bucket_key_enabled": false,
            "cache_control": "public, max-age=0, s-maxage=2678400, must-revalidate",
            "content": null,
            "content_base64": null,
            "content_disposition": "",
            "content_encoding": "",
            "content_language": "",
            "content_type": "text/html; charset=utf-8",
            "etag": "b69c745737a5aec6679bce7370b7b625",
            "force_destroy": false,
            "id": "static-pages/LOuuz-wzxHNt0QOEp7MxL/index.html",
            "key": "static-pages/LOuuz-wzxHNt0QOEp7MxL/index.html",
            "kms_key_id": null,
            "metadata": null,
            "object_lock_legal_hold_status": "",
            "object_lock_mode": "",
            "object_lock_retain_until_date": "",
            "server_side_encryption": "",
            "source": "./deploy/.serverless_nextjs/assets/static-pages/LOuuz-wzxHNt0QOEp7MxL/index.html",
            "source_hash": null,
            "storage_class": "STANDARD",
            "tags": null,
            "tags_all": {},
            "version_id": "",
            "website_redirect": ""
          },
          "sensitive_attributes": [],
          "private": "bnVsbA==",
          "dependencies": [
            "aws_s3_bucket.beats-nextjs-bucket"
          ]
        },
        {
          "index_key": "static-pages/LOuuz-wzxHNt0QOEp7MxL/videos/6182b67ff47455000893d5d1gh.html",
          "schema_version": 0,
          "attributes": {
            "acl": "private",
            "bucket": "beats-nextjs",
            "bucket_key_enabled": false,
            "cache_control": "public, max-age=0, s-maxage=2678400, must-revalidate",
            "content": null,
            "content_base64": null,
            "content_disposition": "",
            "content_encoding": "",
            "content_language": "",
            "content_type": "text/html; charset=utf-8",
            "etag": "e09ae02d82c278b860de68780a4b530b",
            "force_destroy": false,
            "id": "static-pages/LOuuz-wzxHNt0QOEp7MxL/videos/6182b67ff47455000893d5d1gh.html",
            "key": "static-pages/LOuuz-wzxHNt0QOEp7MxL/videos/6182b67ff47455000893d5d1gh.html",
            "kms_key_id": null,
            "metadata": null,
            "object_lock_legal_hold_status": "",
            "object_lock_mode": "",
            "object_lock_retain_until_date": "",
            "server_side_encryption": "",
            "source": "./deploy/.serverless_nextjs/assets/static-pages/LOuuz-wzxHNt0QOEp7MxL/videos/6182b67ff47455000893d5d1gh.html",
            "source_hash": null,
            "storage_class": "STANDARD",
            "tags": null,
            "tags_all": {},
            "version_id": "",
            "website_redirect": ""
          },
          "sensitive_attributes": [],
          "private": "bnVsbA==",
          "dependencies": [
            "aws_s3_bucket.beats-nextjs-bucket"
          ]
        },
        {
          "index_key": "static-pages/LOuuz-wzxHNt0QOEp7MxL/videos/[slug].html",
          "schema_version": 0,
          "attributes": {
            "acl": "private",
            "bucket": "beats-nextjs",
            "bucket_key_enabled": false,
            "cache_control": "public, max-age=0, s-maxage=2678400, must-revalidate",
            "content": null,
            "content_base64": null,
            "content_disposition": "",
            "content_encoding": "",
            "content_language": "",
            "content_type": "text/html; charset=utf-8",
            "etag": "13d8302b05ed8f59d9e021fda181e930",
            "force_destroy": false,
            "id": "static-pages/LOuuz-wzxHNt0QOEp7MxL/videos/[slug].html",
            "key": "static-pages/LOuuz-wzxHNt0QOEp7MxL/videos/[slug].html",
            "kms_key_id": null,
            "metadata": null,
            "object_lock_legal_hold_status": "",
            "object_lock_mode": "",
            "object_lock_retain_until_date": "",
            "server_side_encryption": "",
            "source": "./deploy/.serverless_nextjs/assets/static-pages/LOuuz-wzxHNt0QOEp7MxL/videos/[slug].html",
            "source_hash": null,
            "storage_class": "STANDARD",
            "tags": null,
            "tags_all": {},
            "version_id": "",
            "website_redirect": ""
          },
          "sensitive_attributes": [],
          "private": "bnVsbA==",
          "dependencies": [
            "aws_s3_bucket.beats-nextjs-bucket"
          ]
        }
      ]
    },
    {
      "mode": "managed",
      "type": "aws_s3_bucket_policy",
      "name": "cdn-cf-policy",
      "provider": "provider[\"registry.terraform.io/hashicorp/aws\"]",
      "instances": [
        {
          "schema_version": 0,
          "attributes": {
            "bucket": "beats-nextjs",
            "id": "beats-nextjs",
            "policy": "{\"Statement\":[{\"Action\":\"s3:GetObject\",\"Effect\":\"Allow\",\"Principal\":{\"AWS\":\"arn:aws:iam::cloudfront:user/CloudFront Origin Access Identity E1DOYOH22KX23H\"},\"Resource\":\"arn:aws:s3:::beats-nextjs/*\",\"Sid\":\"1\"}],\"Version\":\"2012-10-17\"}"
          },
          "sensitive_attributes": [],
          "private": "bnVsbA==",
          "dependencies": [
            "aws_cloudfront_origin_access_identity.my-oai",
            "aws_s3_bucket.beats-nextjs-bucket",
            "data.aws_iam_policy_document.my-cdn-cf-policy"
          ]
        }
      ]
    },
    {
      "mode": "managed",
      "type": "aws_s3_bucket_public_access_block",
      "name": "lambda_bucket",
      "provider": "provider[\"registry.terraform.io/hashicorp/aws\"]",
      "instances": [
        {
          "schema_version": 0,
          "attributes": {
            "block_public_acls": true,
            "block_public_policy": true,
            "bucket": "lambda-bucket-beatsnext",
            "id": "lambda-bucket-beatsnext",
            "ignore_public_acls": true,
            "restrict_public_buckets": true
          },
          "sensitive_attributes": [],
          "private": "bnVsbA==",
          "dependencies": [
            "aws_s3_bucket.lambda_bucket"
          ]
        }
      ]
    },
    {
      "mode": "managed",
      "type": "aws_s3_object",
      "name": "lambda_api",
      "provider": "provider[\"registry.terraform.io/hashicorp/aws\"]",
      "instances": [
        {
          "schema_version": 0,
          "attributes": {
            "acl": "private",
            "bucket": "lambda-bucket-beatsnext",
            "bucket_key_enabled": false,
            "cache_control": "",
            "content": null,
            "content_base64": null,
            "content_disposition": "",
            "content_encoding": "",
            "content_language": "",
            "content_type": "binary/octet-stream",
            "etag": "4d2c699076fe91e8fba275902432a8ca",
            "force_destroy": false,
            "id": "api_path.zip",
            "key": "api_path.zip",
            "kms_key_id": null,
            "metadata": null,
            "object_lock_legal_hold_status": "",
            "object_lock_mode": "",
            "object_lock_retain_until_date": "",
            "server_side_encryption": "",
            "source": "api-lambda.zip",
            "source_hash": null,
            "storage_class": "STANDARD",
            "tags": null,
            "tags_all": {},
            "version_id": "",
            "website_redirect": ""
          },
          "sensitive_attributes": [],
          "private": "bnVsbA==",
          "dependencies": [
            "aws_s3_bucket.lambda_bucket",
            "data.archive_file.api_lambda"
          ]
        }
      ]
    },
    {
      "mode": "managed",
      "type": "aws_s3_object",
      "name": "lambda_default",
      "provider": "provider[\"registry.terraform.io/hashicorp/aws\"]",
      "instances": [
        {
          "schema_version": 0,
          "attributes": {
            "acl": "private",
            "bucket": "lambda-bucket-beatsnext",
            "bucket_key_enabled": false,
            "cache_control": "",
            "content": null,
            "content_base64": null,
            "content_disposition": "",
            "content_encoding": "",
            "content_language": "",
            "content_type": "binary/octet-stream",
            "etag": "78de7802ea1071f4d37acc2c451686c6",
            "force_destroy": false,
            "id": "default_path.zip",
            "key": "default_path.zip",
            "kms_key_id": null,
            "metadata": {},
            "object_lock_legal_hold_status": "",
            "object_lock_mode": "",
            "object_lock_retain_until_date": "",
            "server_side_encryption": "",
            "source": "default-lambda.zip",
            "source_hash": null,
            "storage_class": "STANDARD",
            "tags": {},
            "tags_all": {},
            "version_id": "",
            "website_redirect": ""
          },
          "sensitive_attributes": [],
          "private": "bnVsbA==",
          "dependencies": [
            "aws_s3_bucket.lambda_bucket",
            "data.archive_file.default_lambda"
          ]
        }
      ]
    },
    {
      "mode": "managed",
      "type": "aws_s3_object",
      "name": "lambda_image",
      "provider": "provider[\"registry.terraform.io/hashicorp/aws\"]",
      "instances": [
        {
          "schema_version": 0,
          "attributes": {
            "acl": "private",
            "bucket": "lambda-bucket-beatsnext",
            "bucket_key_enabled": false,
            "cache_control": "",
            "content": null,
            "content_base64": null,
            "content_disposition": "",
            "content_encoding": "",
            "content_language": "",
            "content_type": "binary/octet-stream",
            "etag": "003504526377d7de4a00929eb348ceff-2",
            "force_destroy": false,
            "id": "image_path.zip",
            "key": "image_path.zip",
            "kms_key_id": null,
            "metadata": {},
            "object_lock_legal_hold_status": "",
            "object_lock_mode": "",
            "object_lock_retain_until_date": "",
            "server_side_encryption": "",
            "source": "image-lambda.zip",
            "source_hash": null,
            "storage_class": "STANDARD",
            "tags": {},
            "tags_all": {},
            "version_id": "",
            "website_redirect": ""
          },
          "sensitive_attributes": [],
          "private": "bnVsbA==",
          "dependencies": [
            "aws_s3_bucket.lambda_bucket",
            "data.archive_file.image_lambda"
          ]
        }
      ]
    },
    {
      "mode": "managed",
      "type": "aws_s3_object",
      "name": "lambda_regeneration",
      "provider": "provider[\"registry.terraform.io/hashicorp/aws\"]",
      "instances": [
        {
          "schema_version": 0,
          "attributes": {
            "acl": "private",
            "bucket": "lambda-bucket-beatsnext",
            "bucket_key_enabled": false,
            "cache_control": "",
            "content": null,
            "content_base64": null,
            "content_disposition": "",
            "content_encoding": "",
            "content_language": "",
            "content_type": "binary/octet-stream",
            "etag": "b7d7ab79f2e01eca5f8209336335bd57",
            "force_destroy": false,
            "id": "regeneration_path.zip",
            "key": "regeneration_path.zip",
            "kms_key_id": null,
            "metadata": {},
            "object_lock_legal_hold_status": "",
            "object_lock_mode": "",
            "object_lock_retain_until_date": "",
            "server_side_encryption": "",
            "source": "regeneration-lambda.zip",
            "source_hash": null,
            "storage_class": "STANDARD",
            "tags": {},
            "tags_all": {},
            "version_id": "",
            "website_redirect": ""
          },
          "sensitive_attributes": [],
          "private": "bnVsbA==",
          "dependencies": [
            "aws_s3_bucket.lambda_bucket",
            "data.archive_file.regeneration_lambda"
          ]
        }
      ]
    },
    {
      "mode": "managed",
      "type": "aws_sqs_queue",
      "name": "sqs_beats_queue",
      "provider": "provider[\"registry.terraform.io/hashicorp/aws\"]",
      "instances": [
        {
          "schema_version": 0,
          "attributes": {
            "arn": "arn:aws:sqs:us-east-1:494055087689:beats-nextjs.fifo",
            "content_based_deduplication": false,
            "deduplication_scope": "messageGroup",
            "delay_seconds": 0,
            "fifo_queue": true,
            "fifo_throughput_limit": "perMessageGroupId",
            "id": "https://sqs.us-east-1.amazonaws.com/494055087689/beats-nextjs.fifo",
            "kms_data_key_reuse_period_seconds": 300,
            "kms_master_key_id": "",
            "max_message_size": 262144,
            "message_retention_seconds": 345600,
            "name": "beats-nextjs.fifo",
            "name_prefix": "",
            "policy": "",
            "receive_wait_time_seconds": 0,
            "redrive_allow_policy": "",
            "redrive_policy": "",
            "sqs_managed_sse_enabled": true,
            "tags": {},
            "tags_all": {},
            "url": "https://sqs.us-east-1.amazonaws.com/494055087689/beats-nextjs.fifo",
            "visibility_timeout_seconds": 30
          },
          "sensitive_attributes": [],
          "private": "bnVsbA=="
        }
      ]
    },
    {
      "module": "module.cloudfront_cert",
      "mode": "managed",
      "type": "aws_acm_certificate",
      "name": "this",
      "provider": "provider[\"registry.terraform.io/hashicorp/aws\"].us_east_1",
      "instances": [
        {
          "index_key": 0,
          "schema_version": 0,
          "attributes": {
            "arn": "arn:aws:acm:us-east-1:494055087689:certificate/6be47825-7970-4739-b460-d47ac0214e72",
            "certificate_authority_arn": "",
            "certificate_body": null,
            "certificate_chain": null,
            "domain_name": "beatsnext.com",
            "domain_validation_options": [
              {
                "domain_name": "*.beatsnext.com",
                "resource_record_name": "_30f3b28839b3927aaed0805d4b1ee753.beatsnext.com.",
                "resource_record_type": "CNAME",
                "resource_record_value": "_355a0cf34d9692f16cf352ef88146dc0.xmkpffzlvd.acm-validations.aws."
              },
              {
                "domain_name": "beatsnext.com",
                "resource_record_name": "_30f3b28839b3927aaed0805d4b1ee753.beatsnext.com.",
                "resource_record_type": "CNAME",
                "resource_record_value": "_355a0cf34d9692f16cf352ef88146dc0.xmkpffzlvd.acm-validations.aws."
              }
            ],
            "early_renewal_duration": "",
            "id": "arn:aws:acm:us-east-1:494055087689:certificate/6be47825-7970-4739-b460-d47ac0214e72",
            "key_algorithm": "RSA_2048",
            "not_after": "2024-02-21T23:59:59Z",
            "not_before": "2023-01-23T00:00:00Z",
            "options": [
              {
                "certificate_transparency_logging_preference": "ENABLED"
              }
            ],
            "pending_renewal": false,
            "private_key": null,
            "renewal_eligibility": "ELIGIBLE",
            "renewal_summary": [],
            "status": "ISSUED",
            "subject_alternative_names": [
              "*.beatsnext.com",
              "beatsnext.com"
            ],
            "tags": {
              "Name": "CloudFront beatsnext.com"
            },
            "tags_all": {
              "Name": "CloudFront beatsnext.com"
            },
            "type": "AMAZON_ISSUED",
            "validation_emails": [],
            "validation_method": "DNS",
            "validation_option": []
          },
          "sensitive_attributes": [],
          "private": "bnVsbA==",
          "create_before_destroy": true
        }
      ]
    },
    {
      "module": "module.cloudfront_cert",
      "mode": "managed",
      "type": "aws_acm_certificate_validation",
      "name": "this",
      "provider": "provider[\"registry.terraform.io/hashicorp/aws\"].us_east_1",
      "instances": [
        {
          "index_key": 0,
          "schema_version": 0,
          "attributes": {
            "certificate_arn": "arn:aws:acm:us-east-1:494055087689:certificate/6be47825-7970-4739-b460-d47ac0214e72",
            "id": "2023-01-23 15:07:58.989 +0000 UTC",
            "timeouts": null,
            "validation_record_fqdns": [
              "_30f3b28839b3927aaed0805d4b1ee753.beatsnext.com"
            ]
          },
          "sensitive_attributes": [],
          "private": "eyJlMmJmYjczMC1lY2FhLTExZTYtOGY4OC0zNDM2M2JjN2M0YzAiOnsiY3JlYXRlIjo0NTAwMDAwMDAwMDAwfX0=",
          "dependencies": [
            "data.aws_route53_zone.custom_domain_zone",
            "module.cloudfront_cert.aws_acm_certificate.this",
            "module.cloudfront_cert.aws_route53_record.validation"
          ]
        }
      ]
    },
    {
      "module": "module.cloudfront_cert",
      "mode": "managed",
      "type": "aws_route53_record",
      "name": "validation",
      "provider": "provider[\"registry.terraform.io/hashicorp/aws\"].us_east_1",
      "instances": [
        {
          "index_key": 0,
          "schema_version": 2,
          "attributes": {
            "alias": [],
            "allow_overwrite": true,
            "failover_routing_policy": [],
            "fqdn": "_30f3b28839b3927aaed0805d4b1ee753.beatsnext.com",
            "geolocation_routing_policy": [],
            "health_check_id": "",
            "id": "Z06628972TBI5UV1L9HS7__30f3b28839b3927aaed0805d4b1ee753.beatsnext.com._CNAME",
            "latency_routing_policy": [],
            "multivalue_answer_routing_policy": false,
            "name": "_30f3b28839b3927aaed0805d4b1ee753.beatsnext.com",
            "records": [
              "_355a0cf34d9692f16cf352ef88146dc0.xmkpffzlvd.acm-validations.aws."
            ],
            "set_identifier": "",
            "ttl": 60,
            "type": "CNAME",
            "weighted_routing_policy": [],
            "zone_id": "Z06628972TBI5UV1L9HS7"
          },
          "sensitive_attributes": [],
          "private": "eyJzY2hlbWFfdmVyc2lvbiI6IjIifQ==",
          "dependencies": [
            "data.aws_route53_zone.custom_domain_zone",
            "module.cloudfront_cert.aws_acm_certificate.this"
          ]
        }
      ]
    }
  ],
  "check_results": null
}
